// !$*UTF8*$!
{
	archiveVersion = 1;
	classes = {
	};
	objectVersion = 46;
	objects = {

/* Begin PBXAggregateTarget section */
		40C44ADC0E3798F4008FCC51 /* Version Info */ = {
			isa = PBXAggregateTarget;
			buildConfigurationList = 40C44AE40E379905008FCC51 /* Build configuration list for PBXAggregateTarget "Version Info" */;
			buildPhases = (
				40C44ADB0E3798F4008FCC51 /* Generate Version.h */,
			);
			comments = "The generation of Version.h must be performed in its own target. Since the Info.plist is preprocessed before any of the other build phases in gtest, the Version.h file would not be ready if included as a build phase of that target.";
			dependencies = (
			);
			name = "Version Info";
			productName = Version.h;
		};
/* End PBXAggregateTarget section */

/* Begin PBXBuildFile section */
		224A12A30E9EADCC00BD17FD /* gtest-test-part.h in Headers */ = {isa = PBXBuildFile; fileRef = 224A12A20E9EADCC00BD17FD /* gtest-test-part.h */; settings = {ATTRIBUTES = (Public, ); }; };
		3BF6F2A00E79B5AD000F2EEE /* gtest-type-util.h in Copy Headers Internal */ = {isa = PBXBuildFile; fileRef = 3BF6F29F0E79B5AD000F2EEE /* gtest-type-util.h */; };
		3BF6F2A50E79B616000F2EEE /* gtest-typed-test.h in Headers */ = {isa = PBXBuildFile; fileRef = 3BF6F2A40E79B616000F2EEE /* gtest-typed-test.h */; settings = {ATTRIBUTES = (Public, ); }; };
		404884380E2F799B00CF7658 /* gtest-death-test.h in Headers */ = {isa = PBXBuildFile; fileRef = 404883DB0E2F799B00CF7658 /* gtest-death-test.h */; settings = {ATTRIBUTES = (Public, ); }; };
		404884390E2F799B00CF7658 /* gtest-message.h in Headers */ = {isa = PBXBuildFile; fileRef = 404883DC0E2F799B00CF7658 /* gtest-message.h */; settings = {ATTRIBUTES = (Public, ); }; };
		4048843A0E2F799B00CF7658 /* gtest-spi.h in Headers */ = {isa = PBXBuildFile; fileRef = 404883DD0E2F799B00CF7658 /* gtest-spi.h */; settings = {ATTRIBUTES = (Public, ); }; };
		4048843B0E2F799B00CF7658 /* gtest.h in Headers */ = {isa = PBXBuildFile; fileRef = 404883DE0E2F799B00CF7658 /* gtest.h */; settings = {ATTRIBUTES = (Public, ); }; };
		4048843C0E2F799B00CF7658 /* gtest_pred_impl.h in Headers */ = {isa = PBXBuildFile; fileRef = 404883DF0E2F799B00CF7658 /* gtest_pred_impl.h */; settings = {ATTRIBUTES = (Public, ); }; };
		4048843D0E2F799B00CF7658 /* gtest_prod.h in Headers */ = {isa = PBXBuildFile; fileRef = 404883E00E2F799B00CF7658 /* gtest_prod.h */; settings = {ATTRIBUTES = (Public, ); }; };
		404884500E2F799B00CF7658 /* README.md in Resources */ = {isa = PBXBuildFile; fileRef = 404883F60E2F799B00CF7658 /* README.md */; };
		404884A00E2F7BE600CF7658 /* gtest-death-test-internal.h in Copy Headers Internal */ = {isa = PBXBuildFile; fileRef = 404883E20E2F799B00CF7658 /* gtest-death-test-internal.h */; };
		404884A10E2F7BE600CF7658 /* gtest-filepath.h in Copy Headers Internal */ = {isa = PBXBuildFile; fileRef = 404883E30E2F799B00CF7658 /* gtest-filepath.h */; };
		404884A20E2F7BE600CF7658 /* gtest-internal.h in Copy Headers Internal */ = {isa = PBXBuildFile; fileRef = 404883E40E2F799B00CF7658 /* gtest-internal.h */; };
		404884A30E2F7BE600CF7658 /* gtest-port.h in Copy Headers Internal */ = {isa = PBXBuildFile; fileRef = 404883E50E2F799B00CF7658 /* gtest-port.h */; };
		404884A40E2F7BE600CF7658 /* gtest-string.h in Copy Headers Internal */ = {isa = PBXBuildFile; fileRef = 404883E60E2F799B00CF7658 /* gtest-string.h */; };
		404884AC0E2F7CD900CF7658 /* CHANGES in Resources */ = {isa = PBXBuildFile; fileRef = 404884A90E2F7CD900CF7658 /* CHANGES */; };
		404884AD0E2F7CD900CF7658 /* CONTRIBUTORS in Resources */ = {isa = PBXBuildFile; fileRef = 404884AA0E2F7CD900CF7658 /* CONTRIBUTORS */; };
		404884AE0E2F7CD900CF7658 /* LICENSE in Resources */ = {isa = PBXBuildFile; fileRef = 404884AB0E2F7CD900CF7658 /* LICENSE */; };
		40899F3A0FFA70D4000B29AE /* gtest-all.cc in Sources */ = {isa = PBXBuildFile; fileRef = 224A12A10E9EADA700BD17FD /* gtest-all.cc */; };
		40899F500FFA7281000B29AE /* gtest-tuple.h in Copy Headers Internal */ = {isa = PBXBuildFile; fileRef = 40899F4D0FFA7271000B29AE /* gtest-tuple.h */; };
		40C848FF101A21150083642A /* gtest-all.cc in Sources */ = {isa = PBXBuildFile; fileRef = 224A12A10E9EADA700BD17FD /* gtest-all.cc */; };
		40C84915101A21DF0083642A /* gtest_main.cc in Sources */ = {isa = PBXBuildFile; fileRef = 4048840D0E2F799B00CF7658 /* gtest_main.cc */; };
		40C84978101A36540083642A /* libgtest_main.a in Resources */ = {isa = PBXBuildFile; fileRef = 40C8490B101A217E0083642A /* libgtest_main.a */; };
		4539C9340EC280AE00A70F4C /* gtest-param-test.h in Headers */ = {isa = PBXBuildFile; fileRef = 4539C9330EC280AE00A70F4C /* gtest-param-test.h */; settings = {ATTRIBUTES = (Public, ); }; };
		4539C9380EC280E200A70F4C /* gtest-linked_ptr.h in Copy Headers Internal */ = {isa = PBXBuildFile; fileRef = 4539C9350EC280E200A70F4C /* gtest-linked_ptr.h */; };
		4539C9390EC280E200A70F4C /* gtest-param-util-generated.h in Copy Headers Internal */ = {isa = PBXBuildFile; fileRef = 4539C9360EC280E200A70F4C /* gtest-param-util-generated.h */; };
		4539C93A0EC280E200A70F4C /* gtest-param-util.h in Copy Headers Internal */ = {isa = PBXBuildFile; fileRef = 4539C9370EC280E200A70F4C /* gtest-param-util.h */; };
		4567C8181264FF71007740BE /* gtest-printers.h in Headers */ = {isa = PBXBuildFile; fileRef = 4567C8171264FF71007740BE /* gtest-printers.h */; settings = {ATTRIBUTES = (Public, ); }; };
/* End PBXBuildFile section */

/* Begin PBXContainerItemProxy section */
		408BEC0F1046CFE900DEF522 /* PBXContainerItemProxy */ = {
			isa = PBXContainerItemProxy;
			containerPortal = 0867D690FE84028FC02AAC07 /* Project object */;
			proxyType = 1;
			remoteGlobalIDString = 40C848F9101A209C0083642A;
			remoteInfo = "gtest-static";
		};
		40C44AE50E379922008FCC51 /* PBXContainerItemProxy */ = {
			isa = PBXContainerItemProxy;
			containerPortal = 0867D690FE84028FC02AAC07 /* Project object */;
			proxyType = 1;
			remoteGlobalIDString = 40C44ADC0E3798F4008FCC51;
			remoteInfo = Version.h;
		};
		40C8499B101A36DC0083642A /* PBXContainerItemProxy */ = {
			isa = PBXContainerItemProxy;
			containerPortal = 0867D690FE84028FC02AAC07 /* Project object */;
			proxyType = 1;
			remoteGlobalIDString = 40C8490A101A217E0083642A;
			remoteInfo = "gtest_main-static";
		};
/* End PBXContainerItemProxy section */

/* Begin PBXCopyFilesBuildPhase section */
		404884A50E2F7C0400CF7658 /* Copy Headers Internal */ = {
			isa = PBXCopyFilesBuildPhase;
			buildActionMask = 2147483647;
			dstPath = Headers/internal;
			dstSubfolderSpec = 6;
			files = (
				404884A00E2F7BE600CF7658 /* gtest-death-test-internal.h in Copy Headers Internal */,
				404884A10E2F7BE600CF7658 /* gtest-filepath.h in Copy Headers Internal */,
				404884A20E2F7BE600CF7658 /* gtest-internal.h in Copy Headers Internal */,
				4539C9380EC280E200A70F4C /* gtest-linked_ptr.h in Copy Headers Internal */,
				4539C9390EC280E200A70F4C /* gtest-param-util-generated.h in Copy Headers Internal */,
				4539C93A0EC280E200A70F4C /* gtest-param-util.h in Copy Headers Internal */,
				404884A30E2F7BE600CF7658 /* gtest-port.h in Copy Headers Internal */,
				404884A40E2F7BE600CF7658 /* gtest-string.h in Copy Headers Internal */,
				40899F500FFA7281000B29AE /* gtest-tuple.h in Copy Headers Internal */,
				3BF6F2A00E79B5AD000F2EEE /* gtest-type-util.h in Copy Headers Internal */,
			);
			name = "Copy Headers Internal";
			runOnlyForDeploymentPostprocessing = 0;
		};
/* End PBXCopyFilesBuildPhase section */

/* Begin PBXFileReference section */
		224A12A10E9EADA700BD17FD /* gtest-all.cc */ = {isa = PBXFileReference; fileEncoding = 30; lastKnownFileType = sourcecode.cpp.cpp; path = "gtest-all.cc"; sourceTree = "<group>"; };
		224A12A20E9EADCC00BD17FD /* gtest-test-part.h */ = {isa = PBXFileReference; fileEncoding = 30; lastKnownFileType = sourcecode.c.h; path = "gtest-test-part.h"; sourceTree = "<group>"; };
		3B238C120E7FE13C00846E11 /* gtest_unittest.cc */ = {isa = PBXFileReference; fileEncoding = 4; lastKnownFileType = sourcecode.cpp.cpp; path = gtest_unittest.cc; sourceTree = "<group>"; };
		3B87D2100E96B92E000D1852 /* runtests.sh */ = {isa = PBXFileReference; fileEncoding = 4; lastKnownFileType = text.script.sh; path = runtests.sh; sourceTree = "<group>"; };
		3BF6F29F0E79B5AD000F2EEE /* gtest-type-util.h */ = {isa = PBXFileReference; fileEncoding = 4; lastKnownFileType = sourcecode.c.h; path = "gtest-type-util.h"; sourceTree = "<group>"; };
		3BF6F2A40E79B616000F2EEE /* gtest-typed-test.h */ = {isa = PBXFileReference; fileEncoding = 4; lastKnownFileType = sourcecode.c.h; path = "gtest-typed-test.h"; sourceTree = "<group>"; };
		403EE37C0E377822004BD1E2 /* versiongenerate.py */ = {isa = PBXFileReference; fileEncoding = 4; lastKnownFileType = text.script.python; path = versiongenerate.py; sourceTree = "<group>"; };
		404883DB0E2F799B00CF7658 /* gtest-death-test.h */ = {isa = PBXFileReference; fileEncoding = 4; lastKnownFileType = sourcecode.c.h; path = "gtest-death-test.h"; sourceTree = "<group>"; };
		404883DC0E2F799B00CF7658 /* gtest-message.h */ = {isa = PBXFileReference; fileEncoding = 4; lastKnownFileType = sourcecode.c.h; path = "gtest-message.h"; sourceTree = "<group>"; };
		404883DD0E2F799B00CF7658 /* gtest-spi.h */ = {isa = PBXFileReference; fileEncoding = 4; lastKnownFileType = sourcecode.c.h; path = "gtest-spi.h"; sourceTree = "<group>"; };
		404883DE0E2F799B00CF7658 /* gtest.h */ = {isa = PBXFileReference; fileEncoding = 4; lastKnownFileType = sourcecode.c.h; path = gtest.h; sourceTree = "<group>"; };
		404883DF0E2F799B00CF7658 /* gtest_pred_impl.h */ = {isa = PBXFileReference; fileEncoding = 4; lastKnownFileType = sourcecode.c.h; path = gtest_pred_impl.h; sourceTree = "<group>"; };
		404883E00E2F799B00CF7658 /* gtest_prod.h */ = {isa = PBXFileReference; fileEncoding = 4; lastKnownFileType = sourcecode.c.h; path = gtest_prod.h; sourceTree = "<group>"; };
		404883E20E2F799B00CF7658 /* gtest-death-test-internal.h */ = {isa = PBXFileReference; fileEncoding = 4; lastKnownFileType = sourcecode.c.h; path = "gtest-death-test-internal.h"; sourceTree = "<group>"; };
		404883E30E2F799B00CF7658 /* gtest-filepath.h */ = {isa = PBXFileReference; fileEncoding = 4; lastKnownFileType = sourcecode.c.h; path = "gtest-filepath.h"; sourceTree = "<group>"; };
		404883E40E2F799B00CF7658 /* gtest-internal.h */ = {isa = PBXFileReference; fileEncoding = 4; lastKnownFileType = sourcecode.c.h; path = "gtest-internal.h"; sourceTree = "<group>"; };
		404883E50E2F799B00CF7658 /* gtest-port.h */ = {isa = PBXFileReference; fileEncoding = 4; lastKnownFileType = sourcecode.c.h; path = "gtest-port.h"; sourceTree = "<group>"; };
		404883E60E2F799B00CF7658 /* gtest-string.h */ = {isa = PBXFileReference; fileEncoding = 4; lastKnownFileType = sourcecode.c.h; path = "gtest-string.h"; sourceTree = "<group>"; };
		404883F60E2F799B00CF7658 /* README.md */ = {isa = PBXFileReference; fileEncoding = 4; lastKnownFileType = net.daringfireball.markdown; path = README.md; sourceTree = "<group>"; };
		4048840D0E2F799B00CF7658 /* gtest_main.cc */ = {isa = PBXFileReference; fileEncoding = 4; lastKnownFileType = sourcecode.cpp.cpp; path = gtest_main.cc; sourceTree = "<group>"; };
		404884A90E2F7CD900CF7658 /* CHANGES */ = {isa = PBXFileReference; fileEncoding = 4; lastKnownFileType = text; path = CHANGES; sourceTree = "<group>"; };
		404884AA0E2F7CD900CF7658 /* CONTRIBUTORS */ = {isa = PBXFileReference; fileEncoding = 4; lastKnownFileType = text; path = CONTRIBUTORS; sourceTree = "<group>"; };
		404884AB0E2F7CD900CF7658 /* LICENSE */ = {isa = PBXFileReference; fileEncoding = 4; lastKnownFileType = text; path = LICENSE; sourceTree = "<group>"; };
		40899F4D0FFA7271000B29AE /* gtest-tuple.h */ = {isa = PBXFileReference; fileEncoding = 4; lastKnownFileType = sourcecode.c.h; path = "gtest-tuple.h"; sourceTree = "<group>"; };
		4089A02C0FFACF7F000B29AE /* sample1.cc */ = {isa = PBXFileReference; fileEncoding = 4; lastKnownFileType = sourcecode.cpp.cpp; path = sample1.cc; sourceTree = "<group>"; };
		4089A02D0FFACF7F000B29AE /* sample1.h */ = {isa = PBXFileReference; fileEncoding = 4; lastKnownFileType = sourcecode.c.h; path = sample1.h; sourceTree = "<group>"; };
		4089A02E0FFACF7F000B29AE /* sample1_unittest.cc */ = {isa = PBXFileReference; fileEncoding = 4; lastKnownFileType = sourcecode.cpp.cpp; path = sample1_unittest.cc; sourceTree = "<group>"; };
		40C848FA101A209C0083642A /* libgtest.a */ = {isa = PBXFileReference; explicitFileType = archive.ar; includeInIndex = 0; path = libgtest.a; sourceTree = BUILT_PRODUCTS_DIR; };
		40C8490B101A217E0083642A /* libgtest_main.a */ = {isa = PBXFileReference; explicitFileType = archive.ar; includeInIndex = 0; path = libgtest_main.a; sourceTree = BUILT_PRODUCTS_DIR; };
		40D4CF510E30F5E200294801 /* Info.plist */ = {isa = PBXFileReference; fileEncoding = 4; lastKnownFileType = text.plist.xml; path = Info.plist; sourceTree = "<group>"; };
		4539C8FF0EC27F6400A70F4C /* gtest.framework */ = {isa = PBXFileReference; explicitFileType = wrapper.framework; includeInIndex = 0; path = gtest.framework; sourceTree = BUILT_PRODUCTS_DIR; };
		4539C9330EC280AE00A70F4C /* gtest-param-test.h */ = {isa = PBXFileReference; fileEncoding = 4; lastKnownFileType = sourcecode.c.h; path = "gtest-param-test.h"; sourceTree = "<group>"; };
		4539C9350EC280E200A70F4C /* gtest-linked_ptr.h */ = {isa = PBXFileReference; fileEncoding = 4; lastKnownFileType = sourcecode.c.h; path = "gtest-linked_ptr.h"; sourceTree = "<group>"; };
		4539C9360EC280E200A70F4C /* gtest-param-util-generated.h */ = {isa = PBXFileReference; fileEncoding = 4; lastKnownFileType = sourcecode.c.h; path = "gtest-param-util-generated.h"; sourceTree = "<group>"; };
		4539C9370EC280E200A70F4C /* gtest-param-util.h */ = {isa = PBXFileReference; fileEncoding = 4; lastKnownFileType = sourcecode.c.h; path = "gtest-param-util.h"; sourceTree = "<group>"; };
		4567C8171264FF71007740BE /* gtest-printers.h */ = {isa = PBXFileReference; fileEncoding = 4; lastKnownFileType = sourcecode.c.h; path = "gtest-printers.h"; sourceTree = "<group>"; };
/* End PBXFileReference section */

/* Begin PBXGroup section */
		034768DDFF38A45A11DB9C8B /* Products */ = {
			isa = PBXGroup;
			children = (
				4539C8FF0EC27F6400A70F4C /* gtest.framework */,
				40C848FA101A209C0083642A /* libgtest.a */,
				40C8490B101A217E0083642A /* libgtest_main.a */,
			);
			name = Products;
			sourceTree = "<group>";
		};
		0867D691FE84028FC02AAC07 /* gtest */ = {
			isa = PBXGroup;
			children = (
				08FB77ACFE841707C02AAC07 /* Source */,
				40D4CF4E0E30F5E200294801 /* Resources */,
				403EE37B0E377822004BD1E2 /* Scripts */,
				034768DDFF38A45A11DB9C8B /* Products */,
			);
			name = gtest;
			sourceTree = "<group>";
		};
		08FB77ACFE841707C02AAC07 /* Source */ = {
			isa = PBXGroup;
			children = (
				404884A90E2F7CD900CF7658 /* CHANGES */,
				404884AA0E2F7CD900CF7658 /* CONTRIBUTORS */,
				404884AB0E2F7CD900CF7658 /* LICENSE */,
				404883F60E2F799B00CF7658 /* README.md */,
				404883D90E2F799B00CF7658 /* include */,
				4089A02F0FFACF84000B29AE /* samples */,
				404884070E2F799B00CF7658 /* src */,
				3B238BF00E7FE13B00846E11 /* test */,
			);
			name = Source;
			path = googletest/googletest;
			sourceTree = SOURCE_ROOT;
		};
		3B238BF00E7FE13B00846E11 /* test */ = {
			isa = PBXGroup;
			children = (
				3B238C120E7FE13C00846E11 /* gtest_unittest.cc */,
			);
			path = test;
			sourceTree = "<group>";
		};
		403EE37B0E377822004BD1E2 /* Scripts */ = {
			isa = PBXGroup;
			children = (
				403EE37C0E377822004BD1E2 /* versiongenerate.py */,
				3B87D2100E96B92E000D1852 /* runtests.sh */,
			);
			name = Scripts;
			path = googletest/googletest/xcode/Scripts;
			sourceTree = SOURCE_ROOT;
		};
		404883D90E2F799B00CF7658 /* include */ = {
			isa = PBXGroup;
			children = (
				404883DA0E2F799B00CF7658 /* gtest */,
			);
			path = include;
			sourceTree = "<group>";
		};
		404883DA0E2F799B00CF7658 /* gtest */ = {
			isa = PBXGroup;
			children = (
				404883E10E2F799B00CF7658 /* internal */,
				224A12A20E9EADCC00BD17FD /* gtest-test-part.h */,
				404883DB0E2F799B00CF7658 /* gtest-death-test.h */,
				404883DC0E2F799B00CF7658 /* gtest-message.h */,
				4539C9330EC280AE00A70F4C /* gtest-param-test.h */,
				4567C8171264FF71007740BE /* gtest-printers.h */,
				404883DD0E2F799B00CF7658 /* gtest-spi.h */,
				404883DE0E2F799B00CF7658 /* gtest.h */,
				404883DF0E2F799B00CF7658 /* gtest_pred_impl.h */,
				404883E00E2F799B00CF7658 /* gtest_prod.h */,
				3BF6F2A40E79B616000F2EEE /* gtest-typed-test.h */,
			);
			path = gtest;
			sourceTree = "<group>";
		};
		404883E10E2F799B00CF7658 /* internal */ = {
			isa = PBXGroup;
			children = (
				404883E20E2F799B00CF7658 /* gtest-death-test-internal.h */,
				404883E30E2F799B00CF7658 /* gtest-filepath.h */,
				404883E40E2F799B00CF7658 /* gtest-internal.h */,
				4539C9350EC280E200A70F4C /* gtest-linked_ptr.h */,
				4539C9360EC280E200A70F4C /* gtest-param-util-generated.h */,
				4539C9370EC280E200A70F4C /* gtest-param-util.h */,
				404883E50E2F799B00CF7658 /* gtest-port.h */,
				404883E60E2F799B00CF7658 /* gtest-string.h */,
				40899F4D0FFA7271000B29AE /* gtest-tuple.h */,
				3BF6F29F0E79B5AD000F2EEE /* gtest-type-util.h */,
			);
			path = internal;
			sourceTree = "<group>";
		};
		404884070E2F799B00CF7658 /* src */ = {
			isa = PBXGroup;
			children = (
				224A12A10E9EADA700BD17FD /* gtest-all.cc */,
				4048840D0E2F799B00CF7658 /* gtest_main.cc */,
			);
			path = src;
			sourceTree = "<group>";
		};
		4089A02F0FFACF84000B29AE /* samples */ = {
			isa = PBXGroup;
			children = (
				4089A02C0FFACF7F000B29AE /* sample1.cc */,
				4089A02D0FFACF7F000B29AE /* sample1.h */,
				4089A02E0FFACF7F000B29AE /* sample1_unittest.cc */,
			);
			path = samples;
			sourceTree = "<group>";
		};
		40D4CF4E0E30F5E200294801 /* Resources */ = {
			isa = PBXGroup;
			children = (
				40D4CF510E30F5E200294801 /* Info.plist */,
			);
			name = Resources;
			path = googletest/googletest/xcode/Resources;
			sourceTree = SOURCE_ROOT;
		};
/* End PBXGroup section */

/* Begin PBXHeadersBuildPhase section */
		8D07F2BD0486CC7A007CD1D0 /* Headers */ = {
			isa = PBXHeadersBuildPhase;
			buildActionMask = 2147483647;
			files = (
				404884380E2F799B00CF7658 /* gtest-death-test.h in Headers */,
				404884390E2F799B00CF7658 /* gtest-message.h in Headers */,
				4539C9340EC280AE00A70F4C /* gtest-param-test.h in Headers */,
				4567C8181264FF71007740BE /* gtest-printers.h in Headers */,
				3BF6F2A50E79B616000F2EEE /* gtest-typed-test.h in Headers */,
				4048843A0E2F799B00CF7658 /* gtest-spi.h in Headers */,
				4048843B0E2F799B00CF7658 /* gtest.h in Headers */,
				4048843C0E2F799B00CF7658 /* gtest_pred_impl.h in Headers */,
				4048843D0E2F799B00CF7658 /* gtest_prod.h in Headers */,
				224A12A30E9EADCC00BD17FD /* gtest-test-part.h in Headers */,
			);
			runOnlyForDeploymentPostprocessing = 0;
		};
/* End PBXHeadersBuildPhase section */

/* Begin PBXNativeTarget section */
		40C848F9101A209C0083642A /* gtest-static */ = {
			isa = PBXNativeTarget;
			buildConfigurationList = 40C84902101A212E0083642A /* Build configuration list for PBXNativeTarget "gtest-static" */;
			buildPhases = (
				40C848F7101A209C0083642A /* Sources */,
			);
			buildRules = (
			);
			dependencies = (
			);
			name = "gtest-static";
			productName = "gtest-static";
			productReference = 40C848FA101A209C0083642A /* libgtest.a */;
			productType = "com.apple.product-type.library.static";
		};
		40C8490A101A217E0083642A /* gtest_main-static */ = {
			isa = PBXNativeTarget;
			buildConfigurationList = 40C84912101A21D20083642A /* Build configuration list for PBXNativeTarget "gtest_main-static" */;
			buildPhases = (
				40C84908101A217E0083642A /* Sources */,
			);
			buildRules = (
			);
			dependencies = (
			);
			name = "gtest_main-static";
			productName = "gtest_main-static";
			productReference = 40C8490B101A217E0083642A /* libgtest_main.a */;
			productType = "com.apple.product-type.library.static";
		};
		8D07F2BC0486CC7A007CD1D0 /* gtest-framework */ = {
			isa = PBXNativeTarget;
			buildConfigurationList = 4FADC24208B4156D00ABE55E /* Build configuration list for PBXNativeTarget "gtest-framework" */;
			buildPhases = (
				8D07F2C10486CC7A007CD1D0 /* Sources */,
				8D07F2BD0486CC7A007CD1D0 /* Headers */,
				404884A50E2F7C0400CF7658 /* Copy Headers Internal */,
				8D07F2BF0486CC7A007CD1D0 /* Resources */,
			);
			buildRules = (
			);
			dependencies = (
				40C44AE60E379922008FCC51 /* PBXTargetDependency */,
				408BEC101046CFE900DEF522 /* PBXTargetDependency */,
				40C8499C101A36DC0083642A /* PBXTargetDependency */,
			);
			name = "gtest-framework";
			productInstallPath = "$(HOME)/Library/Frameworks";
			productName = gtest;
			productReference = 4539C8FF0EC27F6400A70F4C /* gtest.framework */;
			productType = "com.apple.product-type.framework";
		};
/* End PBXNativeTarget section */

/* Begin PBXProject section */
		0867D690FE84028FC02AAC07 /* Project object */ = {
			isa = PBXProject;
			attributes = {
				LastUpgradeCheck = 0460;
			};
			buildConfigurationList = 4FADC24608B4156D00ABE55E /* Build configuration list for PBXProject "mygtest" */;
			compatibilityVersion = "Xcode 3.2";
			developmentRegion = English;
			hasScannedForEncodings = 1;
			knownRegions = (
				English,
				Japanese,
				French,
				German,
				en,
			);
			mainGroup = 0867D691FE84028FC02AAC07 /* gtest */;
			productRefGroup = 034768DDFF38A45A11DB9C8B /* Products */;
			projectDirPath = "";
			projectRoot = "";
			targets = (
				8D07F2BC0486CC7A007CD1D0 /* gtest-framework */,
				40C848F9101A209C0083642A /* gtest-static */,
				40C8490A101A217E0083642A /* gtest_main-static */,
				40C44ADC0E3798F4008FCC51 /* Version Info */,
			);
		};
/* End PBXProject section */

/* Begin PBXResourcesBuildPhase section */
		8D07F2BF0486CC7A007CD1D0 /* Resources */ = {
			isa = PBXResourcesBuildPhase;
			buildActionMask = 2147483647;
			files = (
				404884500E2F799B00CF7658 /* README.md in Resources */,
				404884AC0E2F7CD900CF7658 /* CHANGES in Resources */,
				404884AD0E2F7CD900CF7658 /* CONTRIBUTORS in Resources */,
				404884AE0E2F7CD900CF7658 /* LICENSE in Resources */,
				40C84978101A36540083642A /* libgtest_main.a in Resources */,
			);
			runOnlyForDeploymentPostprocessing = 0;
		};
/* End PBXResourcesBuildPhase section */

/* Begin PBXShellScriptBuildPhase section */
		40C44ADB0E3798F4008FCC51 /* Generate Version.h */ = {
			isa = PBXShellScriptBuildPhase;
			buildActionMask = 12;
			files = (
			);
			inputPaths = (
				"$(SRCROOT)/googletest/googletest/xcode/Scripts/versiongenerate.py",
				"$(SRCROOT)/googletest/googletest/xcode/../configure.ac",
			);
			name = "Generate Version.h";
			outputPaths = (
				"$(PROJECT_TEMP_DIR)/Version.h",
			);
			runOnlyForDeploymentPostprocessing = 0;
			shellPath = /bin/sh;
			shellScript = "# Remember, this \"Run Script\" build phase will be executed from $SRCROOT\n/usr/bin/python googletest/googletest/xcode/Scripts/versiongenerate.py googletest/googletest $PROJECT_TEMP_DIR";
		};
/* End PBXShellScriptBuildPhase section */

/* Begin PBXSourcesBuildPhase section */
		40C848F7101A209C0083642A /* Sources */ = {
			isa = PBXSourcesBuildPhase;
			buildActionMask = 2147483647;
			files = (
				40C848FF101A21150083642A /* gtest-all.cc in Sources */,
			);
			runOnlyForDeploymentPostprocessing = 0;
		};
		40C84908101A217E0083642A /* Sources */ = {
			isa = PBXSourcesBuildPhase;
			buildActionMask = 2147483647;
			files = (
				40C84915101A21DF0083642A /* gtest_main.cc in Sources */,
			);
			runOnlyForDeploymentPostprocessing = 0;
		};
		8D07F2C10486CC7A007CD1D0 /* Sources */ = {
			isa = PBXSourcesBuildPhase;
			buildActionMask = 2147483647;
			files = (
				40899F3A0FFA70D4000B29AE /* gtest-all.cc in Sources */,
			);
			runOnlyForDeploymentPostprocessing = 0;
		};
/* End PBXSourcesBuildPhase section */

/* Begin PBXTargetDependency section */
		408BEC101046CFE900DEF522 /* PBXTargetDependency */ = {
			isa = PBXTargetDependency;
			target = 40C848F9101A209C0083642A /* gtest-static */;
			targetProxy = 408BEC0F1046CFE900DEF522 /* PBXContainerItemProxy */;
		};
		40C44AE60E379922008FCC51 /* PBXTargetDependency */ = {
			isa = PBXTargetDependency;
			target = 40C44ADC0E3798F4008FCC51 /* Version Info */;
			targetProxy = 40C44AE50E379922008FCC51 /* PBXContainerItemProxy */;
		};
		40C8499C101A36DC0083642A /* PBXTargetDependency */ = {
			isa = PBXTargetDependency;
			target = 40C8490A101A217E0083642A /* gtest_main-static */;
			targetProxy = 40C8499B101A36DC0083642A /* PBXContainerItemProxy */;
		};
/* End PBXTargetDependency section */

/* Begin XCBuildConfiguration section */
		40C44ADF0E3798F4008FCC51 /* Debug */ = {
			isa = XCBuildConfiguration;
			buildSettings = {
				COMBINE_HIDPI_IMAGES = YES;
				GCC_VERSION = com.apple.compilers.llvm.clang.1_0;
				MACOSX_DEPLOYMENT_TARGET = 10.7;
				PRODUCT_NAME = gtest;
				SDKROOT = macosx;
				TARGET_NAME = gtest;
			};
			name = Debug;
		};
		40C44AE00E3798F4008FCC51 /* Release */ = {
			isa = XCBuildConfiguration;
			buildSettings = {
				COMBINE_HIDPI_IMAGES = YES;
				GCC_VERSION = com.apple.compilers.llvm.clang.1_0;
				MACOSX_DEPLOYMENT_TARGET = 10.7;
				PRODUCT_NAME = gtest;
				SDKROOT = macosx;
				TARGET_NAME = gtest;
			};
			name = Release;
		};
		40C848FB101A209D0083642A /* Debug */ = {
			isa = XCBuildConfiguration;
			buildSettings = {
				COMBINE_HIDPI_IMAGES = YES;
				GCC_INLINES_ARE_PRIVATE_EXTERN = YES;
				GCC_SYMBOLS_PRIVATE_EXTERN = YES;
				GCC_VERSION = com.apple.compilers.llvm.clang.1_0;
				PRODUCT_NAME = gtest;
				SDKROOT = macosx;
			};
			name = Debug;
		};
		40C848FC101A209D0083642A /* Release */ = {
			isa = XCBuildConfiguration;
			buildSettings = {
				COMBINE_HIDPI_IMAGES = YES;
				GCC_INLINES_ARE_PRIVATE_EXTERN = YES;
				GCC_SYMBOLS_PRIVATE_EXTERN = YES;
				GCC_VERSION = com.apple.compilers.llvm.clang.1_0;
				PRODUCT_NAME = gtest;
				SDKROOT = macosx;
			};
			name = Release;
		};
		40C8490E101A217F0083642A /* Debug */ = {
			isa = XCBuildConfiguration;
			buildSettings = {
				COMBINE_HIDPI_IMAGES = YES;
				GCC_VERSION = com.apple.compilers.llvm.clang.1_0;
				PRODUCT_NAME = gtest_main;
				SDKROOT = macosx;
			};
			name = Debug;
		};
		40C8490F101A217F0083642A /* Release */ = {
			isa = XCBuildConfiguration;
			buildSettings = {
				COMBINE_HIDPI_IMAGES = YES;
				GCC_VERSION = com.apple.compilers.llvm.clang.1_0;
				PRODUCT_NAME = gtest_main;
				SDKROOT = macosx;
			};
			name = Release;
		};
		4FADC24308B4156D00ABE55E /* Debug */ = {
			isa = XCBuildConfiguration;
			buildSettings = {
				COMBINE_HIDPI_IMAGES = YES;
				DYLIB_COMPATIBILITY_VERSION = 1;
				DYLIB_CURRENT_VERSION = 1;
				GCC_VERSION = com.apple.compilers.llvm.clang.1_0;
				INFOPLIST_FILE = $SRCROOT/googletest/googletest/xcode/Resources/Info.plist;
				INFOPLIST_PREFIX_HEADER = "$(PROJECT_TEMP_DIR)/Version.h";
				INFOPLIST_PREPROCESS = YES;
				PRODUCT_NAME = gtest;
				SDKROOT = macosx;
				VERSIONING_SYSTEM = "apple-generic";
			};
			name = Debug;
		};
		4FADC24408B4156D00ABE55E /* Release */ = {
			isa = XCBuildConfiguration;
			buildSettings = {
				COMBINE_HIDPI_IMAGES = YES;
				DYLIB_COMPATIBILITY_VERSION = 1;
				DYLIB_CURRENT_VERSION = 1;
				GCC_VERSION = com.apple.compilers.llvm.clang.1_0;
				INFOPLIST_FILE = $SRCROOT/googletest/googletest/xcode/Resources/Info.plist;
				INFOPLIST_PREFIX_HEADER = "$(PROJECT_TEMP_DIR)/Version.h";
				INFOPLIST_PREPROCESS = YES;
				PRODUCT_NAME = gtest;
				SDKROOT = macosx;
				VERSIONING_SYSTEM = "apple-generic";
			};
			name = Release;
		};
		4FADC24708B4156D00ABE55E /* Debug */ = {
			isa = XCBuildConfiguration;
			buildSettings = {
				HEADER_SEARCH_PATHS = (
					$SRCROOT/googletest/googletest/include,
					$SRCROOT/googletest/googletest,
				);
				MACOSX_DEPLOYMENT_TARGET = 10.10;
			};
			name = Debug;
		};
		4FADC24808B4156D00ABE55E /* Release */ = {
			isa = XCBuildConfiguration;
			buildSettings = {
				HEADER_SEARCH_PATHS = (
					$SRCROOT/googletest/googletest/include,
					$SRCROOT/googletest/googletest,
				);
				MACOSX_DEPLOYMENT_TARGET = 10.10;
			};
			name = Release;
		};
/* End XCBuildConfiguration section */

/* Begin XCConfigurationList section */
		40C44AE40E379905008FCC51 /* Build configuration list for PBXAggregateTarget "Version Info" */ = {
			isa = XCConfigurationList;
			buildConfigurations = (
				40C44ADF0E3798F4008FCC51 /* Debug */,
				40C44AE00E3798F4008FCC51 /* Release */,
			);
			defaultConfigurationIsVisible = 0;
			defaultConfigurationName = Release;
		};
		40C84902101A212E0083642A /* Build configuration list for PBXNativeTarget "gtest-static" */ = {
			isa = XCConfigurationList;
			buildConfigurations = (
				40C848FB101A209D0083642A /* Debug */,
				40C848FC101A209D0083642A /* Release */,
			);
			defaultConfigurationIsVisible = 0;
			defaultConfigurationName = Release;
		};
		40C84912101A21D20083642A /* Build configuration list for PBXNativeTarget "gtest_main-static" */ = {
			isa = XCConfigurationList;
			buildConfigurations = (
				40C8490E101A217F0083642A /* Debug */,
				40C8490F101A217F0083642A /* Release */,
			);
			defaultConfigurationIsVisible = 0;
			defaultConfigurationName = Release;
		};
		4FADC24208B4156D00ABE55E /* Build configuration list for PBXNativeTarget "gtest-framework" */ = {
			isa = XCConfigurationList;
			buildConfigurations = (
				4FADC24308B4156D00ABE55E /* Debug */,
				4FADC24408B4156D00ABE55E /* Release */,
			);
			defaultConfigurationIsVisible = 0;
			defaultConfigurationName = Release;
		};
		4FADC24608B4156D00ABE55E /* Build configuration list for PBXProject "mygtest" */ = {
			isa = XCConfigurationList;
			buildConfigurations = (
				4FADC24708B4156D00ABE55E /* Debug */,
				4FADC24808B4156D00ABE55E /* Release */,
			);
			defaultConfigurationIsVisible = 0;
			defaultConfigurationName = Release;
		};
/* End XCConfigurationList section */
	};
	rootObject = 0867D690FE84028FC02AAC07 /* Project object */;
}
