// !$*UTF8*$!
{
	archiveVersion = 1;
	classes = {
	};
	objectVersion = 46;
	objects = {

/* Begin PBXBuildFile section */
		BF59AA8E1E46A96C00FC7DC2 /* a.cc in Sources */ = {isa = PBXBuildFile; fileRef = BF59AA8D1E46A96C00FC7DC2 /* a.cc */; };
		BF59AA901E46A98500FC7DC2 /* b.cc in Sources */ = {isa = PBXBuildFile; fileRef = BF59AA8F1E46A98500FC7DC2 /* b.cc */; };
		BF59AA921E46A99400FC7DC2 /* c.cc in Sources */ = {isa = PBXBuildFile; fileRef = BF59AA911E46A99400FC7DC2 /* c.cc */; };
		BF59AA941E46A9A300FC7DC2 /* d.cc in Sources */ = {isa = PBXBuildFile; fileRef = BF59AA931E46A9A300FC7DC2 /* d.cc */; };
		BF59AA961E46A9E600FC7DC2 /* e.cc in Sources */ = {isa = PBXBuildFile; fileRef = BF59AA951E46A9E600FC7DC2 /* e.cc */; };
		BF59AA981E46AA0900FC7DC2 /* f.cc in Sources */ = {isa = PBXBuildFile; fileRef = BF59AA971E46AA0900FC7DC2 /* f.cc */; };
/* End PBXBuildFile section */

/* Begin PBXCopyFilesBuildPhase section */
		BF59AA591E46A8D600FC7DC2 /* CopyFiles */ = {
			isa = PBXCopyFilesBuildPhase;
			buildActionMask = 2147483647;
			dstPath = /usr/share/man/man1/;
			dstSubfolderSpec = 0;
			files = (
			);
			runOnlyForDeploymentPostprocessing = 1;
		};
		BF59AA621E46A8E400FC7DC2 /* CopyFiles */ = {
			isa = PBXCopyFilesBuildPhase;
			buildActionMask = 2147483647;
			dstPath = /usr/share/man/man1/;
			dstSubfolderSpec = 0;
			files = (
			);
			runOnlyForDeploymentPostprocessing = 1;
		};
		BF59AA6B1E46A8EF00FC7DC2 /* CopyFiles */ = {
			isa = PBXCopyFilesBuildPhase;
			buildActionMask = 2147483647;
			dstPath = /usr/share/man/man1/;
			dstSubfolderSpec = 0;
			files = (
			);
			runOnlyForDeploymentPostprocessing = 1;
		};
		BF59AA741E46A8F900FC7DC2 /* CopyFiles */ = {
			isa = PBXCopyFilesBuildPhase;
			buildActionMask = 2147483647;
			dstPath = /usr/share/man/man1/;
			dstSubfolderSpec = 0;
			files = (
			);
			runOnlyForDeploymentPostprocessing = 1;
		};
		BF59AA7D1E46A90200FC7DC2 /* CopyFiles */ = {
			isa = PBXCopyFilesBuildPhase;
			buildActionMask = 2147483647;
			dstPath = /usr/share/man/man1/;
			dstSubfolderSpec = 0;
			files = (
			);
			runOnlyForDeploymentPostprocessing = 1;
		};
		BF59AA861E46A91200FC7DC2 /* CopyFiles */ = {
			isa = PBXCopyFilesBuildPhase;
			buildActionMask = 2147483647;
			dstPath = /usr/share/man/man1/;
			dstSubfolderSpec = 0;
			files = (
			);
			runOnlyForDeploymentPostprocessing = 1;
		};
/* End PBXCopyFilesBuildPhase section */

/* Begin PBXFileReference section */
		BF59AA5B1E46A8D600FC7DC2 /* a */ = {isa = PBXFileReference; explicitFileType = "compiled.mach-o.executable"; includeInIndex = 0; path = a; sourceTree = BUILT_PRODUCTS_DIR; };
		BF59AA641E46A8E400FC7DC2 /* b */ = {isa = PBXFileReference; explicitFileType = "compiled.mach-o.executable"; includeInIndex = 0; path = b; sourceTree = BUILT_PRODUCTS_DIR; };
		BF59AA6D1E46A8EF00FC7DC2 /* c */ = {isa = PBXFileReference; explicitFileType = "compiled.mach-o.executable"; includeInIndex = 0; path = c; sourceTree = BUILT_PRODUCTS_DIR; };
		BF59AA761E46A8F900FC7DC2 /* d */ = {isa = PBXFileReference; explicitFileType = "compiled.mach-o.executable"; includeInIndex = 0; path = d; sourceTree = BUILT_PRODUCTS_DIR; };
		BF59AA7F1E46A90200FC7DC2 /* e */ = {isa = PBXFileReference; explicitFileType = "compiled.mach-o.executable"; includeInIndex = 0; path = e; sourceTree = BUILT_PRODUCTS_DIR; };
		BF59AA881E46A91200FC7DC2 /* f */ = {isa = PBXFileReference; explicitFileType = "compiled.mach-o.executable"; includeInIndex = 0; path = f; sourceTree = BUILT_PRODUCTS_DIR; };
		BF59AA8D1E46A96C00FC7DC2 /* a.cc */ = {isa = PBXFileReference; fileEncoding = 4; lastKnownFileType = sourcecode.cpp.cpp; path = a.cc; sourceTree = SOURCE_ROOT; };
		BF59AA8F1E46A98500FC7DC2 /* b.cc */ = {isa = PBXFileReference; fileEncoding = 4; lastKnownFileType = sourcecode.cpp.cpp; path = b.cc; sourceTree = SOURCE_ROOT; };
		BF59AA911E46A99400FC7DC2 /* c.cc */ = {isa = PBXFileReference; fileEncoding = 4; lastKnownFileType = sourcecode.cpp.cpp; path = c.cc; sourceTree = SOURCE_ROOT; };
		BF59AA931E46A9A300FC7DC2 /* d.cc */ = {isa = PBXFileReference; fileEncoding = 4; lastKnownFileType = sourcecode.cpp.cpp; path = d.cc; sourceTree = SOURCE_ROOT; };
		BF59AA951E46A9E600FC7DC2 /* e.cc */ = {isa = PBXFileReference; fileEncoding = 4; lastKnownFileType = sourcecode.cpp.cpp; path = e.cc; sourceTree = SOURCE_ROOT; };
		BF59AA971E46AA0900FC7DC2 /* f.cc */ = {isa = PBXFileReference; fileEncoding = 4; lastKnownFileType = sourcecode.cpp.cpp; path = f.cc; sourceTree = SOURCE_ROOT; };
/* End PBXFileReference section */

/* Begin PBXFrameworksBuildPhase section */
		BF59AA581E46A8D600FC7DC2 /* Frameworks */ = {
			isa = PBXFrameworksBuildPhase;
			buildActionMask = 2147483647;
			files = (
			);
			runOnlyForDeploymentPostprocessing = 0;
		};
		BF59AA611E46A8E400FC7DC2 /* Frameworks */ = {
			isa = PBXFrameworksBuildPhase;
			buildActionMask = 2147483647;
			files = (
			);
			runOnlyForDeploymentPostprocessing = 0;
		};
		BF59AA6A1E46A8EF00FC7DC2 /* Frameworks */ = {
			isa = PBXFrameworksBuildPhase;
			buildActionMask = 2147483647;
			files = (
			);
			runOnlyForDeploymentPostprocessing = 0;
		};
		BF59AA731E46A8F900FC7DC2 /* Frameworks */ = {
			isa = PBXFrameworksBuildPhase;
			buildActionMask = 2147483647;
			files = (
			);
			runOnlyForDeploymentPostprocessing = 0;
		};
		BF59AA7C1E46A90200FC7DC2 /* Frameworks */ = {
			isa = PBXFrameworksBuildPhase;
			buildActionMask = 2147483647;
			files = (
			);
			runOnlyForDeploymentPostprocessing = 0;
		};
		BF59AA851E46A91200FC7DC2 /* Frameworks */ = {
			isa = PBXFrameworksBuildPhase;
			buildActionMask = 2147483647;
			files = (
			);
			runOnlyForDeploymentPostprocessing = 0;
		};
/* End PBXFrameworksBuildPhase section */

/* Begin PBXGroup section */
		BFAC99C11E467D22003D066C = {
			isa = PBXGroup;
			children = (
				BF59AA8D1E46A96C00FC7DC2 /* a.cc */,
				BF59AA8F1E46A98500FC7DC2 /* b.cc */,
				BF59AA911E46A99400FC7DC2 /* c.cc */,
				BF59AA931E46A9A300FC7DC2 /* d.cc */,
				BF59AA951E46A9E600FC7DC2 /* e.cc */,
				BF59AA971E46AA0900FC7DC2 /* f.cc */,
				BFAC99CB1E467D22003D066C /* Products */,
			);
			sourceTree = "<group>";
		};
		BFAC99CB1E467D22003D066C /* Products */ = {
			isa = PBXGroup;
			children = (
				BF59AA5B1E46A8D600FC7DC2 /* a */,
				BF59AA641E46A8E400FC7DC2 /* b */,
				BF59AA6D1E46A8EF00FC7DC2 /* c */,
				BF59AA761E46A8F900FC7DC2 /* d */,
				BF59AA7F1E46A90200FC7DC2 /* e */,
				BF59AA881E46A91200FC7DC2 /* f */,
			);
			name = Products;
			sourceTree = "<group>";
		};
/* End PBXGroup section */

/* Begin PBXNativeTarget section */
		BF59AA5A1E46A8D600FC7DC2 /* a */ = {
			isa = PBXNativeTarget;
			buildConfigurationList = BF59AA5D1E46A8D600FC7DC2 /* Build configuration list for PBXNativeTarget "a" */;
			buildPhases = (
				BF59AA571E46A8D600FC7DC2 /* Sources */,
				BF59AA581E46A8D600FC7DC2 /* Frameworks */,
				BF59AA591E46A8D600FC7DC2 /* CopyFiles */,
			);
			buildRules = (
			);
			dependencies = (
			);
			name = a;
			productName = a;
			productReference = BF59AA5B1E46A8D600FC7DC2 /* a */;
			productType = "com.apple.product-type.tool";
		};
		BF59AA631E46A8E400FC7DC2 /* b */ = {
			isa = PBXNativeTarget;
			buildConfigurationList = BF59AA661E46A8E400FC7DC2 /* Build configuration list for PBXNativeTarget "b" */;
			buildPhases = (
				BF59AA601E46A8E400FC7DC2 /* Sources */,
				BF59AA611E46A8E400FC7DC2 /* Frameworks */,
				BF59AA621E46A8E400FC7DC2 /* CopyFiles */,
			);
			buildRules = (
			);
			dependencies = (
			);
			name = b;
			productName = b;
			productReference = BF59AA641E46A8E400FC7DC2 /* b */;
			productType = "com.apple.product-type.tool";
		};
		BF59AA6C1E46A8EF00FC7DC2 /* c */ = {
			isa = PBXNativeTarget;
			buildConfigurationList = BF59AA6F1E46A8EF00FC7DC2 /* Build configuration list for PBXNativeTarget "c" */;
			buildPhases = (
				BF59AA691E46A8EF00FC7DC2 /* Sources */,
				BF59AA6A1E46A8EF00FC7DC2 /* Frameworks */,
				BF59AA6B1E46A8EF00FC7DC2 /* CopyFiles */,
			);
			buildRules = (
			);
			dependencies = (
			);
			name = c;
			productName = c;
			productReference = BF59AA6D1E46A8EF00FC7DC2 /* c */;
			productType = "com.apple.product-type.tool";
		};
		BF59AA751E46A8F900FC7DC2 /* d */ = {
			isa = PBXNativeTarget;
			buildConfigurationList = BF59AA781E46A8F900FC7DC2 /* Build configuration list for PBXNativeTarget "d" */;
			buildPhases = (
				BF59AA721E46A8F900FC7DC2 /* Sources */,
				BF59AA731E46A8F900FC7DC2 /* Frameworks */,
				BF59AA741E46A8F900FC7DC2 /* CopyFiles */,
			);
			buildRules = (
			);
			dependencies = (
			);
			name = d;
			productName = d;
			productReference = BF59AA761E46A8F900FC7DC2 /* d */;
			productType = "com.apple.product-type.tool";
		};
		BF59AA7E1E46A90200FC7DC2 /* e */ = {
			isa = PBXNativeTarget;
			buildConfigurationList = BF59AA811E46A90200FC7DC2 /* Build configuration list for PBXNativeTarget "e" */;
			buildPhases = (
				BF59AA7B1E46A90200FC7DC2 /* Sources */,
				BF59AA7C1E46A90200FC7DC2 /* Frameworks */,
				BF59AA7D1E46A90200FC7DC2 /* CopyFiles */,
			);
			buildRules = (
			);
			dependencies = (
			);
			name = e;
			productName = e;
			productReference = BF59AA7F1E46A90200FC7DC2 /* e */;
			productType = "com.apple.product-type.tool";
		};
		BF59AA871E46A91200FC7DC2 /* f */ = {
			isa = PBXNativeTarget;
			buildConfigurationList = BF59AA8A1E46A91200FC7DC2 /* Build configuration list for PBXNativeTarget "f" */;
			buildPhases = (
				BF59AA841E46A91200FC7DC2 /* Sources */,
				BF59AA851E46A91200FC7DC2 /* Frameworks */,
				BF59AA861E46A91200FC7DC2 /* CopyFiles */,
			);
			buildRules = (
			);
			dependencies = (
			);
			name = f;
			productName = f;
			productReference = BF59AA881E46A91200FC7DC2 /* f */;
			productType = "com.apple.product-type.tool";
		};
/* End PBXNativeTarget section */

/* Begin PBXProject section */
		BFAC99C21E467D22003D066C /* Project object */ = {
			isa = PBXProject;
			attributes = {
				KnownAssetTags = (
					New,
				);
				LastUpgradeCheck = 0720;
				ORGANIZATIONNAME = "Denis Kokarev";
				TargetAttributes = {
					BF59AA5A1E46A8D600FC7DC2 = {
						CreatedOnToolsVersion = 7.2.1;
					};
					BF59AA631E46A8E400FC7DC2 = {
						CreatedOnToolsVersion = 7.2.1;
					};
					BF59AA6C1E46A8EF00FC7DC2 = {
						CreatedOnToolsVersion = 7.2.1;
					};
					BF59AA751E46A8F900FC7DC2 = {
						CreatedOnToolsVersion = 7.2.1;
					};
					BF59AA7E1E46A90200FC7DC2 = {
						CreatedOnToolsVersion = 7.2.1;
					};
					BF59AA871E46A91200FC7DC2 = {
						CreatedOnToolsVersion = 7.2.1;
					};
				};
			};
			buildConfigurationList = BFAC99C51E467D22003D066C /* Build configuration list for PBXProject "cf" */;
			compatibilityVersion = "Xcode 3.2";
			developmentRegion = English;
			hasScannedForEncodings = 0;
			knownRegions = (
				en,
			);
			mainGroup = BFAC99C11E467D22003D066C;
			productRefGroup = BFAC99CB1E467D22003D066C /* Products */;
			projectDirPath = "";
			projectRoot = "";
			targets = (
				BF59AA5A1E46A8D600FC7DC2 /* a */,
				BF59AA631E46A8E400FC7DC2 /* b */,
				BF59AA6C1E46A8EF00FC7DC2 /* c */,
				BF59AA751E46A8F900FC7DC2 /* d */,
				BF59AA7E1E46A90200FC7DC2 /* e */,
				BF59AA871E46A91200FC7DC2 /* f */,
			);
		};
/* End PBXProject section */

/* Begin PBXSourcesBuildPhase section */
		BF59AA571E46A8D600FC7DC2 /* Sources */ = {
			isa = PBXSourcesBuildPhase;
			buildActionMask = 2147483647;
			files = (
				BF59AA8E1E46A96C00FC7DC2 /* a.cc in Sources */,
			);
			runOnlyForDeploymentPostprocessing = 0;
		};
		BF59AA601E46A8E400FC7DC2 /* Sources */ = {
			isa = PBXSourcesBuildPhase;
			buildActionMask = 2147483647;
			files = (
				BF59AA901E46A98500FC7DC2 /* b.cc in Sources */,
			);
			runOnlyForDeploymentPostprocessing = 0;
		};
		BF59AA691E46A8EF00FC7DC2 /* Sources */ = {
			isa = PBXSourcesBuildPhase;
			buildActionMask = 2147483647;
			files = (
				BF59AA921E46A99400FC7DC2 /* c.cc in Sources */,
			);
			runOnlyForDeploymentPostprocessing = 0;
		};
		BF59AA721E46A8F900FC7DC2 /* Sources */ = {
			isa = PBXSourcesBuildPhase;
			buildActionMask = 2147483647;
			files = (
				BF59AA941E46A9A300FC7DC2 /* d.cc in Sources */,
			);
			runOnlyForDeploymentPostprocessing = 0;
		};
		BF59AA7B1E46A90200FC7DC2 /* Sources */ = {
			isa = PBXSourcesBuildPhase;
			buildActionMask = 2147483647;
			files = (
				BF59AA961E46A9E600FC7DC2 /* e.cc in Sources */,
			);
			runOnlyForDeploymentPostprocessing = 0;
		};
		BF59AA841E46A91200FC7DC2 /* Sources */ = {
			isa = PBXSourcesBuildPhase;
			buildActionMask = 2147483647;
			files = (
				BF59AA981E46AA0900FC7DC2 /* f.cc in Sources */,
			);
			runOnlyForDeploymentPostprocessing = 0;
		};
/* End PBXSourcesBuildPhase section */

/* Begin XCBuildConfiguration section */
		BF59AA5E1E46A8D600FC7DC2 /* Debug */ = {
			isa = XCBuildConfiguration;
			buildSettings = {
				PRODUCT_NAME = "$(TARGET_NAME)";
			};
			name = Debug;
		};
		BF59AA5F1E46A8D600FC7DC2 /* Release */ = {
			isa = XCBuildConfiguration;
			buildSettings = {
				PRODUCT_NAME = "$(TARGET_NAME)";
			};
			name = Release;
		};
		BF59AA671E46A8E400FC7DC2 /* Debug */ = {
			isa = XCBuildConfiguration;
			buildSettings = {
				PRODUCT_NAME = "$(TARGET_NAME)";
			};
			name = Debug;
		};
		BF59AA681E46A8E400FC7DC2 /* Release */ = {
			isa = XCBuildConfiguration;
			buildSettings = {
				PRODUCT_NAME = "$(TARGET_NAME)";
			};
			name = Release;
		};
		BF59AA701E46A8EF00FC7DC2 /* Debug */ = {
			isa = XCBuildConfiguration;
			buildSettings = {
				PRODUCT_NAME = "$(TARGET_NAME)";
			};
			name = Debug;
		};
		BF59AA711E46A8EF00FC7DC2 /* Release */ = {
			isa = XCBuildConfiguration;
			buildSettings = {
				PRODUCT_NAME = "$(TARGET_NAME)";
			};
			name = Release;
		};
		BF59AA791E46A8F900FC7DC2 /* Debug */ = {
			isa = XCBuildConfiguration;
			buildSettings = {
				PRODUCT_NAME = "$(TARGET_NAME)";
			};
			name = Debug;
		};
		BF59AA7A1E46A8F900FC7DC2 /* Release */ = {
			isa = XCBuildConfiguration;
			buildSettings = {
				PRODUCT_NAME = "$(TARGET_NAME)";
			};
			name = Release;
		};
		BF59AA821E46A90200FC7DC2 /* Debug */ = {
			isa = XCBuildConfiguration;
			buildSettings = {
				PRODUCT_NAME = "$(TARGET_NAME)";
			};
			name = Debug;
		};
		BF59AA831E46A90200FC7DC2 /* Release */ = {
			isa = XCBuildConfiguration;
			buildSettings = {
				PRODUCT_NAME = "$(TARGET_NAME)";
			};
			name = Release;
		};
		BF59AA8B1E46A91200FC7DC2 /* Debug */ = {
			isa = XCBuildConfiguration;
			buildSettings = {
				PRODUCT_NAME = "$(TARGET_NAME)";
			};
			name = Debug;
		};
		BF59AA8C1E46A91200FC7DC2 /* Release */ = {
			isa = XCBuildConfiguration;
			buildSettings = {
				PRODUCT_NAME = "$(TARGET_NAME)";
			};
			name = Release;
		};
		BFAC99CF1E467D22003D066C /* Debug */ = {
			isa = XCBuildConfiguration;
			buildSettings = {
				ALWAYS_SEARCH_USER_PATHS = NO;
				CLANG_CXX_LANGUAGE_STANDARD = "gnu++0x";
				CLANG_CXX_LIBRARY = "libc++";
				CLANG_ENABLE_MODULES = YES;
				CLANG_ENABLE_OBJC_ARC = YES;
				CLANG_WARN_BOOL_CONVERSION = YES;
				CLANG_WARN_CONSTANT_CONVERSION = YES;
				CLANG_WARN_DIRECT_OBJC_ISA_USAGE = YES_ERROR;
				CLANG_WARN_EMPTY_BODY = YES;
				CLANG_WARN_ENUM_CONVERSION = YES;
				CLANG_WARN_INT_CONVERSION = YES;
				CLANG_WARN_OBJC_ROOT_CLASS = YES_ERROR;
				CLANG_WARN_UNREACHABLE_CODE = YES;
				CLANG_WARN__DUPLICATE_METHOD_MATCH = YES;
				CODE_SIGN_IDENTITY = "-";
				COPY_PHASE_STRIP = NO;
				DEBUG_INFORMATION_FORMAT = dwarf;
				ENABLE_STRICT_OBJC_MSGSEND = YES;
				ENABLE_TESTABILITY = YES;
				GCC_C_LANGUAGE_STANDARD = gnu99;
				GCC_DYNAMIC_NO_PIC = NO;
				GCC_NO_COMMON_BLOCKS = YES;
				GCC_OPTIMIZATION_LEVEL = 0;
				GCC_PREPROCESSOR_DEFINITIONS = (
					"DEBUG=1",
					"$(inherited)",
				);
				GCC_WARN_64_TO_32_BIT_CONVERSION = YES;
				GCC_WARN_ABOUT_RETURN_TYPE = YES_ERROR;
				GCC_WARN_UNDECLARED_SELECTOR = YES;
				GCC_WARN_UNINITIALIZED_AUTOS = YES_AGGRESSIVE;
				GCC_WARN_UNUSED_FUNCTION = YES;
				GCC_WARN_UNUSED_VARIABLE = YES;
				MACOSX_DEPLOYMENT_TARGET = 10.10;
				MTL_ENABLE_DEBUG_INFO = YES;
				ONLY_ACTIVE_ARCH = YES;
				SDKROOT = macosx;
			};
			name = Debug;
		};
		BFAC99D01E467D22003D066C /* Release */ = {
			isa = XCBuildConfiguration;
			buildSettings = {
				ALWAYS_SEARCH_USER_PATHS = NO;
				CLANG_CXX_LANGUAGE_STANDARD = "gnu++0x";
				CLANG_CXX_LIBRARY = "libc++";
				CLANG_ENABLE_MODULES = YES;
				CLANG_ENABLE_OBJC_ARC = YES;
				CLANG_WARN_BOOL_CONVERSION = YES;
				CLANG_WARN_CONSTANT_CONVERSION = YES;
				CLANG_WARN_DIRECT_OBJC_ISA_USAGE = YES_ERROR;
				CLANG_WARN_EMPTY_BODY = YES;
				CLANG_WARN_ENUM_CONVERSION = YES;
				CLANG_WARN_INT_CONVERSION = YES;
				CLANG_WARN_OBJC_ROOT_CLASS = YES_ERROR;
				CLANG_WARN_UNREACHABLE_CODE = YES;
				CLANG_WARN__DUPLICATE_METHOD_MATCH = YES;
				CODE_SIGN_IDENTITY = "-";
				COPY_PHASE_STRIP = NO;
				DEBUG_INFORMATION_FORMAT = "dwarf-with-dsym";
				ENABLE_NS_ASSERTIONS = NO;
				ENABLE_STRICT_OBJC_MSGSEND = YES;
				GCC_C_LANGUAGE_STANDARD = gnu99;
				GCC_NO_COMMON_BLOCKS = YES;
				GCC_WARN_64_TO_32_BIT_CONVERSION = YES;
				GCC_WARN_ABOUT_RETURN_TYPE = YES_ERROR;
				GCC_WARN_UNDECLARED_SELECTOR = YES;
				GCC_WARN_UNINITIALIZED_AUTOS = YES_AGGRESSIVE;
				GCC_WARN_UNUSED_FUNCTION = YES;
				GCC_WARN_UNUSED_VARIABLE = YES;
				MACOSX_DEPLOYMENT_TARGET = 10.10;
				MTL_ENABLE_DEBUG_INFO = NO;
				SDKROOT = macosx;
			};
			name = Release;
		};
/* End XCBuildConfiguration section */

/* Begin XCConfigurationList section */
		BF59AA5D1E46A8D600FC7DC2 /* Build configuration list for PBXNativeTarget "a" */ = {
			isa = XCConfigurationList;
			buildConfigurations = (
				BF59AA5E1E46A8D600FC7DC2 /* Debug */,
				BF59AA5F1E46A8D600FC7DC2 /* Release */,
			);
			defaultConfigurationIsVisible = 0;
			defaultConfigurationName = Release;
		};
		BF59AA661E46A8E400FC7DC2 /* Build configuration list for PBXNativeTarget "b" */ = {
			isa = XCConfigurationList;
			buildConfigurations = (
				BF59AA671E46A8E400FC7DC2 /* Debug */,
				BF59AA681E46A8E400FC7DC2 /* Release */,
			);
			defaultConfigurationIsVisible = 0;
			defaultConfigurationName = Release;
		};
		BF59AA6F1E46A8EF00FC7DC2 /* Build configuration list for PBXNativeTarget "c" */ = {
			isa = XCConfigurationList;
			buildConfigurations = (
				BF59AA701E46A8EF00FC7DC2 /* Debug */,
				BF59AA711E46A8EF00FC7DC2 /* Release */,
			);
			defaultConfigurationIsVisible = 0;
			defaultConfigurationName = Release;
		};
		BF59AA781E46A8F900FC7DC2 /* Build configuration list for PBXNativeTarget "d" */ = {
			isa = XCConfigurationList;
			buildConfigurations = (
				BF59AA791E46A8F900FC7DC2 /* Debug */,
				BF59AA7A1E46A8F900FC7DC2 /* Release */,
			);
			defaultConfigurationIsVisible = 0;
			defaultConfigurationName = Release;
		};
		BF59AA811E46A90200FC7DC2 /* Build configuration list for PBXNativeTarget "e" */ = {
			isa = XCConfigurationList;
			buildConfigurations = (
				BF59AA821E46A90200FC7DC2 /* Debug */,
				BF59AA831E46A90200FC7DC2 /* Release */,
			);
			defaultConfigurationIsVisible = 0;
			defaultConfigurationName = Release;
		};
		BF59AA8A1E46A91200FC7DC2 /* Build configuration list for PBXNativeTarget "f" */ = {
			isa = XCConfigurationList;
			buildConfigurations = (
				BF59AA8B1E46A91200FC7DC2 /* Debug */,
				BF59AA8C1E46A91200FC7DC2 /* Release */,
			);
			defaultConfigurationIsVisible = 0;
			defaultConfigurationName = Release;
		};
		BFAC99C51E467D22003D066C /* Build configuration list for PBXProject "cf" */ = {
			isa = XCConfigurationList;
			buildConfigurations = (
				BFAC99CF1E467D22003D066C /* Debug */,
				BFAC99D01E467D22003D066C /* Release */,
			);
			defaultConfigurationIsVisible = 0;
			defaultConfigurationName = Release;
		};
/* End XCConfigurationList section */
	};
	rootObject = BFAC99C21E467D22003D066C /* Project object */;
}
