// !$*UTF8*$!
{
	archiveVersion = 1;
	classes = {
	};
	objectVersion = 46;
	objects = {

/* Begin PBXBuildFile section */
		BF5B31B81E4F57F800F1211B /* heap_test.cc in Sources */ = {isa = PBXBuildFile; fileRef = BF5B31A81E4F57BC00F1211B /* heap_test.cc */; };
		BFC3E68B1E50BC5100B4892A /* libgtest_main.a in Frameworks */ = {isa = PBXBuildFile; fileRef = BFC3E6811E50955D00B4892A /* libgtest_main.a */; };
		BFC3E68C1E50BC5600B4892A /* libgtest.a in Frameworks */ = {isa = PBXBuildFile; fileRef = BFC3E67F1E50955D00B4892A /* libgtest.a */; };
/* End PBXBuildFile section */

/* Begin PBXContainerItemProxy section */
		BFC3E67C1E50955D00B4892A /* PBXContainerItemProxy */ = {
			isa = PBXContainerItemProxy;
			containerPortal = BFC3E6701E50955D00B4892A /* mygtest.xcodeproj */;
			proxyType = 2;
			remoteGlobalIDString = 4539C8FF0EC27F6400A70F4C;
			remoteInfo = "gtest-framework";
		};
		BFC3E67E1E50955D00B4892A /* PBXContainerItemProxy */ = {
			isa = PBXContainerItemProxy;
			containerPortal = BFC3E6701E50955D00B4892A /* mygtest.xcodeproj */;
			proxyType = 2;
			remoteGlobalIDString = 40C848FA101A209C0083642A;
			remoteInfo = "gtest-static";
		};
		BFC3E6801E50955D00B4892A /* PBXContainerItemProxy */ = {
			isa = PBXContainerItemProxy;
			containerPortal = BFC3E6701E50955D00B4892A /* mygtest.xcodeproj */;
			proxyType = 2;
			remoteGlobalIDString = 40C8490B101A217E0083642A;
			remoteInfo = "gtest_main-static";
		};
/* End PBXContainerItemProxy section */

/* Begin PBXCopyFilesBuildPhase section */
		BF5B31AF1E4F57E800F1211B /* CopyFiles */ = {
			isa = PBXCopyFilesBuildPhase;
			buildActionMask = 2147483647;
			dstPath = /usr/share/man/man1/;
			dstSubfolderSpec = 0;
			files = (
			);
			runOnlyForDeploymentPostprocessing = 1;
		};
/* End PBXCopyFilesBuildPhase section */

/* Begin PBXFileReference section */
		BF5B31A81E4F57BC00F1211B /* heap_test.cc */ = {isa = PBXFileReference; lastKnownFileType = sourcecode.cpp.cpp; path = heap_test.cc; sourceTree = "<group>"; };
		BF5B31A91E4F57BC00F1211B /* heap.hh */ = {isa = PBXFileReference; lastKnownFileType = sourcecode.cpp.h; path = heap.hh; sourceTree = "<group>"; };
		BF5B31AA1E4F57BC00F1211B /* comb_test.cc */ = {isa = PBXFileReference; lastKnownFileType = sourcecode.cpp.cpp; path = comb_test.cc; sourceTree = "<group>"; };
		BF5B31AB1E4F57BC00F1211B /* comb.cc */ = {isa = PBXFileReference; lastKnownFileType = sourcecode.cpp.cpp; path = comb.cc; sourceTree = "<group>"; };
		BF5B31AC1E4F57BC00F1211B /* comb.hh */ = {isa = PBXFileReference; lastKnownFileType = sourcecode.cpp.h; path = comb.hh; sourceTree = "<group>"; };
		BF5B31B11E4F57E800F1211B /* heap_test */ = {isa = PBXFileReference; explicitFileType = "compiled.mach-o.executable"; includeInIndex = 0; path = heap_test; sourceTree = BUILT_PRODUCTS_DIR; };
		BFC3E6701E50955D00B4892A /* mygtest.xcodeproj */ = {isa = PBXFileReference; lastKnownFileType = "wrapper.pb-project"; path = mygtest.xcodeproj; sourceTree = "<group>"; };
/* End PBXFileReference section */

/* Begin PBXFrameworksBuildPhase section */
		BF5B31AE1E4F57E800F1211B /* Frameworks */ = {
			isa = PBXFrameworksBuildPhase;
			buildActionMask = 2147483647;
			files = (
				BFC3E68C1E50BC5600B4892A /* libgtest.a in Frameworks */,
				BFC3E68B1E50BC5100B4892A /* libgtest_main.a in Frameworks */,
			);
			runOnlyForDeploymentPostprocessing = 0;
		};
/* End PBXFrameworksBuildPhase section */

/* Begin PBXGroup section */
		BF9DD1361E4F4C3F0089E6B2 = {
			isa = PBXGroup;
			children = (
				BFC3E6701E50955D00B4892A /* mygtest.xcodeproj */,
				BF9DD1411E4F4C3F0089E6B2 /* alg */,
				BF9DD1401E4F4C3F0089E6B2 /* Products */,
			);
			sourceTree = "<group>";
		};
		BF9DD1401E4F4C3F0089E6B2 /* Products */ = {
			isa = PBXGroup;
			children = (
				BF5B31B11E4F57E800F1211B /* heap_test */,
			);
			name = Products;
			sourceTree = "<group>";
		};
		BF9DD1411E4F4C3F0089E6B2 /* alg */ = {
			isa = PBXGroup;
			children = (
				BF5B31A81E4F57BC00F1211B /* heap_test.cc */,
				BF5B31A91E4F57BC00F1211B /* heap.hh */,
				BF5B31AA1E4F57BC00F1211B /* comb_test.cc */,
				BF5B31AB1E4F57BC00F1211B /* comb.cc */,
				BF5B31AC1E4F57BC00F1211B /* comb.hh */,
			);
			path = alg;
			sourceTree = "<group>";
		};
		BFC3E6711E50955D00B4892A /* Products */ = {
			isa = PBXGroup;
			children = (
				BFC3E67D1E50955D00B4892A /* gtest.framework */,
				BFC3E67F1E50955D00B4892A /* libgtest.a */,
				BFC3E6811E50955D00B4892A /* libgtest_main.a */,
			);
			name = Products;
			sourceTree = "<group>";
		};
/* End PBXGroup section */

/* Begin PBXNativeTarget section */
		BF5B31B01E4F57E800F1211B /* heap_test */ = {
			isa = PBXNativeTarget;
			buildConfigurationList = BF5B31B51E4F57E800F1211B /* Build configuration list for PBXNativeTarget "heap_test" */;
			buildPhases = (
				BF5B31AD1E4F57E800F1211B /* Sources */,
				BF5B31AE1E4F57E800F1211B /* Frameworks */,
				BF5B31AF1E4F57E800F1211B /* CopyFiles */,
			);
			buildRules = (
			);
			dependencies = (
			);
			name = heap_test;
			productName = heap_test;
			productReference = BF5B31B11E4F57E800F1211B /* heap_test */;
			productType = "com.apple.product-type.tool";
		};
/* End PBXNativeTarget section */

/* Begin PBXProject section */
		BF9DD1371E4F4C3F0089E6B2 /* Project object */ = {
			isa = PBXProject;
			attributes = {
				LastUpgradeCheck = 0720;
				ORGANIZATIONNAME = "Denis Kokarev";
				TargetAttributes = {
					BF5B31B01E4F57E800F1211B = {
						CreatedOnToolsVersion = 7.2.1;
					};
				};
			};
			buildConfigurationList = BF9DD13A1E4F4C3F0089E6B2 /* Build configuration list for PBXProject "alg" */;
			compatibilityVersion = "Xcode 3.2";
			developmentRegion = English;
			hasScannedForEncodings = 0;
			knownRegions = (
				en,
			);
			mainGroup = BF9DD1361E4F4C3F0089E6B2;
			productRefGroup = BF9DD1401E4F4C3F0089E6B2 /* Products */;
			projectDirPath = "";
			projectReferences = (
				{
					ProductGroup = BFC3E6711E50955D00B4892A /* Products */;
					ProjectRef = BFC3E6701E50955D00B4892A /* mygtest.xcodeproj */;
				},
			);
			projectRoot = "";
			targets = (
				BF5B31B01E4F57E800F1211B /* heap_test */,
			);
		};
/* End PBXProject section */

/* Begin PBXReferenceProxy section */
		BFC3E67D1E50955D00B4892A /* gtest.framework */ = {
			isa = PBXReferenceProxy;
			fileType = wrapper.framework;
			path = gtest.framework;
			remoteRef = BFC3E67C1E50955D00B4892A /* PBXContainerItemProxy */;
			sourceTree = BUILT_PRODUCTS_DIR;
		};
		BFC3E67F1E50955D00B4892A /* libgtest.a */ = {
			isa = PBXReferenceProxy;
			fileType = archive.ar;
			path = libgtest.a;
			remoteRef = BFC3E67E1E50955D00B4892A /* PBXContainerItemProxy */;
			sourceTree = BUILT_PRODUCTS_DIR;
		};
		BFC3E6811E50955D00B4892A /* libgtest_main.a */ = {
			isa = PBXReferenceProxy;
			fileType = archive.ar;
			path = libgtest_main.a;
			remoteRef = BFC3E6801E50955D00B4892A /* PBXContainerItemProxy */;
			sourceTree = BUILT_PRODUCTS_DIR;
		};
/* End PBXReferenceProxy section */

/* Begin PBXSourcesBuildPhase section */
		BF5B31AD1E4F57E800F1211B /* Sources */ = {
			isa = PBXSourcesBuildPhase;
			buildActionMask = 2147483647;
			files = (
				BF5B31B81E4F57F800F1211B /* heap_test.cc in Sources */,
			);
			runOnlyForDeploymentPostprocessing = 0;
		};
/* End PBXSourcesBuildPhase section */

/* Begin XCBuildConfiguration section */
		BF5B31B61E4F57E800F1211B /* Debug */ = {
			isa = XCBuildConfiguration;
			buildSettings = {
				CLANG_CXX_LANGUAGE_STANDARD = "c++0x";
				CLANG_CXX_LIBRARY = "libc++";
				PRODUCT_NAME = "$(TARGET_NAME)";
			};
			name = Debug;
		};
		BF5B31B71E4F57E800F1211B /* Release */ = {
			isa = XCBuildConfiguration;
			buildSettings = {
				CLANG_CXX_LANGUAGE_STANDARD = "c++0x";
				CLANG_CXX_LIBRARY = "libc++";
				PRODUCT_NAME = "$(TARGET_NAME)";
			};
			name = Release;
		};
		BF9DD1441E4F4C3F0089E6B2 /* Debug */ = {
			isa = XCBuildConfiguration;
			buildSettings = {
				ALWAYS_SEARCH_USER_PATHS = NO;
				CLANG_CXX_LANGUAGE_STANDARD = "gnu++0x";
				CLANG_CXX_LIBRARY = "libstdc++";
				CLANG_ENABLE_MODULES = YES;
				CLANG_ENABLE_OBJC_ARC = YES;
				CLANG_WARN_BOOL_CONVERSION = YES;
				CLANG_WARN_CONSTANT_CONVERSION = YES;
				CLANG_WARN_DIRECT_OBJC_ISA_USAGE = YES_ERROR;
				CLANG_WARN_EMPTY_BODY = YES;
				CLANG_WARN_ENUM_CONVERSION = YES;
				CLANG_WARN_INT_CONVERSION = YES;
				CLANG_WARN_OBJC_ROOT_CLASS = YES_ERROR;
				CLANG_WARN_UNREACHABLE_CODE = YES;
				CLANG_WARN__DUPLICATE_METHOD_MATCH = YES;
				CODE_SIGN_IDENTITY = "-";
				COPY_PHASE_STRIP = NO;
				DEBUG_INFORMATION_FORMAT = dwarf;
				ENABLE_STRICT_OBJC_MSGSEND = YES;
				ENABLE_TESTABILITY = YES;
				GCC_C_LANGUAGE_STANDARD = gnu99;
				GCC_DYNAMIC_NO_PIC = NO;
				GCC_NO_COMMON_BLOCKS = YES;
				GCC_OPTIMIZATION_LEVEL = 0;
				GCC_PREPROCESSOR_DEFINITIONS = (
					"DEBUG=1",
					"$(inherited)",
				);
				GCC_WARN_64_TO_32_BIT_CONVERSION = YES;
				GCC_WARN_ABOUT_RETURN_TYPE = YES_ERROR;
				GCC_WARN_UNDECLARED_SELECTOR = YES;
				GCC_WARN_UNINITIALIZED_AUTOS = YES_AGGRESSIVE;
				GCC_WARN_UNUSED_FUNCTION = YES;
				GCC_WARN_UNUSED_VARIABLE = YES;
				"HEADER_SEARCH_PATHS[arch=*]" = $SRCROOT/googletest/googletest/include;
				MACOSX_DEPLOYMENT_TARGET = 10.10;
				MTL_ENABLE_DEBUG_INFO = YES;
				ONLY_ACTIVE_ARCH = YES;
				SDKROOT = macosx;
			};
			name = Debug;
		};
		BF9DD1451E4F4C3F0089E6B2 /* Release */ = {
			isa = XCBuildConfiguration;
			buildSettings = {
				ALWAYS_SEARCH_USER_PATHS = NO;
				CLANG_CXX_LANGUAGE_STANDARD = "gnu++0x";
				CLANG_CXX_LIBRARY = "libstdc++";
				CLANG_ENABLE_MODULES = YES;
				CLANG_ENABLE_OBJC_ARC = YES;
				CLANG_WARN_BOOL_CONVERSION = YES;
				CLANG_WARN_CONSTANT_CONVERSION = YES;
				CLANG_WARN_DIRECT_OBJC_ISA_USAGE = YES_ERROR;
				CLANG_WARN_EMPTY_BODY = YES;
				CLANG_WARN_ENUM_CONVERSION = YES;
				CLANG_WARN_INT_CONVERSION = YES;
				CLANG_WARN_OBJC_ROOT_CLASS = YES_ERROR;
				CLANG_WARN_UNREACHABLE_CODE = YES;
				CLANG_WARN__DUPLICATE_METHOD_MATCH = YES;
				CODE_SIGN_IDENTITY = "-";
				COPY_PHASE_STRIP = NO;
				DEBUG_INFORMATION_FORMAT = "dwarf-with-dsym";
				ENABLE_NS_ASSERTIONS = NO;
				ENABLE_STRICT_OBJC_MSGSEND = YES;
				GCC_C_LANGUAGE_STANDARD = gnu99;
				GCC_NO_COMMON_BLOCKS = YES;
				GCC_WARN_64_TO_32_BIT_CONVERSION = YES;
				GCC_WARN_ABOUT_RETURN_TYPE = YES_ERROR;
				GCC_WARN_UNDECLARED_SELECTOR = YES;
				GCC_WARN_UNINITIALIZED_AUTOS = YES_AGGRESSIVE;
				GCC_WARN_UNUSED_FUNCTION = YES;
				GCC_WARN_UNUSED_VARIABLE = YES;
				"HEADER_SEARCH_PATHS[arch=*]" = $SRCROOT/googletest/googletest/include;
				MACOSX_DEPLOYMENT_TARGET = 10.10;
				MTL_ENABLE_DEBUG_INFO = NO;
				SDKROOT = macosx;
			};
			name = Release;
		};
/* End XCBuildConfiguration section */

/* Begin XCConfigurationList section */
		BF5B31B51E4F57E800F1211B /* Build configuration list for PBXNativeTarget "heap_test" */ = {
			isa = XCConfigurationList;
			buildConfigurations = (
				BF5B31B61E4F57E800F1211B /* Debug */,
				BF5B31B71E4F57E800F1211B /* Release */,
			);
			defaultConfigurationIsVisible = 0;
			defaultConfigurationName = Release;
		};
		BF9DD13A1E4F4C3F0089E6B2 /* Build configuration list for PBXProject "alg" */ = {
			isa = XCConfigurationList;
			buildConfigurations = (
				BF9DD1441E4F4C3F0089E6B2 /* Debug */,
				BF9DD1451E4F4C3F0089E6B2 /* Release */,
			);
			defaultConfigurationIsVisible = 0;
			defaultConfigurationName = Release;
		};
/* End XCConfigurationList section */
	};
	rootObject = BF9DD1371E4F4C3F0089E6B2 /* Project object */;
}
