// !$*UTF8*$!
{
	archiveVersion = 1;
	classes = {
	};
	objectVersion = 46;
	objects = {

/* Begin PBXBuildFile section */
		BF913DA21E468A3D0072DB5F /* cf764a.cc in Sources */ = {isa = PBXBuildFile; fileRef = BF913DA01E468A2D0072DB5F /* cf764a.cc */; };
		BFF17F9F1E467F7700F7E139 /* heap.cc in Sources */ = {isa = PBXBuildFile; fileRef = BFF17F951E467E0300F7E139 /* heap.cc */; };
/* End PBXBuildFile section */

/* Begin PBXCopyFilesBuildPhase section */
		BF913D971E4689FC0072DB5F /* CopyFiles */ = {
			isa = PBXCopyFilesBuildPhase;
			buildActionMask = 2147483647;
			dstPath = /usr/share/man/man1/;
			dstSubfolderSpec = 0;
			files = (
			);
			runOnlyForDeploymentPostprocessing = 1;
		};
		BFF17F981E467E4000F7E139 /* CopyFiles */ = {
			isa = PBXCopyFilesBuildPhase;
			buildActionMask = 2147483647;
			dstPath = /usr/share/man/man1/;
			dstSubfolderSpec = 0;
			files = (
			);
			runOnlyForDeploymentPostprocessing = 1;
		};
/* End PBXCopyFilesBuildPhase section */

/* Begin PBXFileReference section */
		BF913D991E4689FC0072DB5F /* cf764a */ = {isa = PBXFileReference; explicitFileType = "compiled.mach-o.executable"; includeInIndex = 0; path = cf764a; sourceTree = BUILT_PRODUCTS_DIR; };
		BF913DA01E468A2D0072DB5F /* cf764a.cc */ = {isa = PBXFileReference; fileEncoding = 4; lastKnownFileType = sourcecode.cpp.cpp; path = cf764a.cc; sourceTree = "<group>"; };
		BFF17F951E467E0300F7E139 /* heap.cc */ = {isa = PBXFileReference; lastKnownFileType = sourcecode.cpp.cpp; path = heap.cc; sourceTree = "<group>"; };
		BFF17F9A1E467E4000F7E139 /* heap */ = {isa = PBXFileReference; explicitFileType = "compiled.mach-o.executable"; includeInIndex = 0; path = heap; sourceTree = BUILT_PRODUCTS_DIR; };
/* End PBXFileReference section */

/* Begin PBXFrameworksBuildPhase section */
		BF913D961E4689FC0072DB5F /* Frameworks */ = {
			isa = PBXFrameworksBuildPhase;
			buildActionMask = 2147483647;
			files = (
			);
			runOnlyForDeploymentPostprocessing = 0;
		};
		BFF17F971E467E4000F7E139 /* Frameworks */ = {
			isa = PBXFrameworksBuildPhase;
			buildActionMask = 2147483647;
			files = (
			);
			runOnlyForDeploymentPostprocessing = 0;
		};
/* End PBXFrameworksBuildPhase section */

/* Begin PBXGroup section */
		BFAC99C11E467D22003D066C = {
			isa = PBXGroup;
			children = (
				BF913DA01E468A2D0072DB5F /* cf764a.cc */,
				BFF17F951E467E0300F7E139 /* heap.cc */,
				BFAC99CB1E467D22003D066C /* Products */,
			);
			sourceTree = "<group>";
		};
		BFAC99CB1E467D22003D066C /* Products */ = {
			isa = PBXGroup;
			children = (
				BFF17F9A1E467E4000F7E139 /* heap */,
				BF913D991E4689FC0072DB5F /* cf764a */,
			);
			name = Products;
			sourceTree = "<group>";
		};
/* End PBXGroup section */

/* Begin PBXNativeTarget section */
		BF913D981E4689FC0072DB5F /* cf764a */ = {
			isa = PBXNativeTarget;
			buildConfigurationList = BF913D9F1E4689FC0072DB5F /* Build configuration list for PBXNativeTarget "cf764a" */;
			buildPhases = (
				BF913D951E4689FC0072DB5F /* Sources */,
				BF913D961E4689FC0072DB5F /* Frameworks */,
				BF913D971E4689FC0072DB5F /* CopyFiles */,
			);
			buildRules = (
			);
			dependencies = (
			);
			name = cf764a;
			productName = cf764a;
			productReference = BF913D991E4689FC0072DB5F /* cf764a */;
			productType = "com.apple.product-type.tool";
		};
		BFF17F991E467E4000F7E139 /* heap */ = {
			isa = PBXNativeTarget;
			buildConfigurationList = BFF17F9C1E467E4000F7E139 /* Build configuration list for PBXNativeTarget "heap" */;
			buildPhases = (
				BFF17F961E467E4000F7E139 /* Sources */,
				BFF17F971E467E4000F7E139 /* Frameworks */,
				BFF17F981E467E4000F7E139 /* CopyFiles */,
			);
			buildRules = (
			);
			dependencies = (
			);
			name = heap;
			productName = heap;
			productReference = BFF17F9A1E467E4000F7E139 /* heap */;
			productType = "com.apple.product-type.tool";
		};
/* End PBXNativeTarget section */

/* Begin PBXProject section */
		BFAC99C21E467D22003D066C /* Project object */ = {
			isa = PBXProject;
			attributes = {
				KnownAssetTags = (
					New,
				);
				LastUpgradeCheck = 0720;
				ORGANIZATIONNAME = "Denis Kokarev";
				TargetAttributes = {
					BF913D981E4689FC0072DB5F = {
						CreatedOnToolsVersion = 7.2.1;
					};
					BFF17F991E467E4000F7E139 = {
						CreatedOnToolsVersion = 7.2.1;
					};
				};
			};
			buildConfigurationList = BFAC99C51E467D22003D066C /* Build configuration list for PBXProject "practice" */;
			compatibilityVersion = "Xcode 3.2";
			developmentRegion = English;
			hasScannedForEncodings = 0;
			knownRegions = (
				en,
			);
			mainGroup = BFAC99C11E467D22003D066C;
			productRefGroup = BFAC99CB1E467D22003D066C /* Products */;
			projectDirPath = "";
			projectRoot = "";
			targets = (
				BFF17F991E467E4000F7E139 /* heap */,
				BF913D981E4689FC0072DB5F /* cf764a */,
			);
		};
/* End PBXProject section */

/* Begin PBXSourcesBuildPhase section */
		BF913D951E4689FC0072DB5F /* Sources */ = {
			isa = PBXSourcesBuildPhase;
			buildActionMask = 2147483647;
			files = (
				BF913DA21E468A3D0072DB5F /* cf764a.cc in Sources */,
			);
			runOnlyForDeploymentPostprocessing = 0;
		};
		BFF17F961E467E4000F7E139 /* Sources */ = {
			isa = PBXSourcesBuildPhase;
			buildActionMask = 2147483647;
			files = (
				BFF17F9F1E467F7700F7E139 /* heap.cc in Sources */,
			);
			runOnlyForDeploymentPostprocessing = 0;
		};
/* End PBXSourcesBuildPhase section */

/* Begin XCBuildConfiguration section */
		BF913D9D1E4689FC0072DB5F /* Debug */ = {
			isa = XCBuildConfiguration;
			buildSettings = {
				PRODUCT_NAME = "$(TARGET_NAME)";
			};
			name = Debug;
		};
		BF913D9E1E4689FC0072DB5F /* Release */ = {
			isa = XCBuildConfiguration;
			buildSettings = {
				PRODUCT_NAME = "$(TARGET_NAME)";
			};
			name = Release;
		};
		BFAC99CF1E467D22003D066C /* Debug */ = {
			isa = XCBuildConfiguration;
			buildSettings = {
				ALWAYS_SEARCH_USER_PATHS = NO;
				CLANG_CXX_LANGUAGE_STANDARD = "gnu++0x";
				CLANG_CXX_LIBRARY = "libc++";
				CLANG_ENABLE_MODULES = YES;
				CLANG_ENABLE_OBJC_ARC = YES;
				CLANG_WARN_BOOL_CONVERSION = YES;
				CLANG_WARN_CONSTANT_CONVERSION = YES;
				CLANG_WARN_DIRECT_OBJC_ISA_USAGE = YES_ERROR;
				CLANG_WARN_EMPTY_BODY = YES;
				CLANG_WARN_ENUM_CONVERSION = YES;
				CLANG_WARN_INT_CONVERSION = YES;
				CLANG_WARN_OBJC_ROOT_CLASS = YES_ERROR;
				CLANG_WARN_UNREACHABLE_CODE = YES;
				CLANG_WARN__DUPLICATE_METHOD_MATCH = YES;
				CODE_SIGN_IDENTITY = "-";
				COPY_PHASE_STRIP = NO;
				DEBUG_INFORMATION_FORMAT = dwarf;
				ENABLE_STRICT_OBJC_MSGSEND = YES;
				ENABLE_TESTABILITY = YES;
				GCC_C_LANGUAGE_STANDARD = gnu99;
				GCC_DYNAMIC_NO_PIC = NO;
				GCC_NO_COMMON_BLOCKS = YES;
				GCC_OPTIMIZATION_LEVEL = 0;
				GCC_PREPROCESSOR_DEFINITIONS = (
					"DEBUG=1",
					"$(inherited)",
				);
				GCC_WARN_64_TO_32_BIT_CONVERSION = YES;
				GCC_WARN_ABOUT_RETURN_TYPE = YES_ERROR;
				GCC_WARN_UNDECLARED_SELECTOR = YES;
				GCC_WARN_UNINITIALIZED_AUTOS = YES_AGGRESSIVE;
				GCC_WARN_UNUSED_FUNCTION = YES;
				GCC_WARN_UNUSED_VARIABLE = YES;
				MACOSX_DEPLOYMENT_TARGET = 10.10;
				MTL_ENABLE_DEBUG_INFO = YES;
				ONLY_ACTIVE_ARCH = YES;
				SDKROOT = macosx;
			};
			name = Debug;
		};
		BFAC99D01E467D22003D066C /* Release */ = {
			isa = XCBuildConfiguration;
			buildSettings = {
				ALWAYS_SEARCH_USER_PATHS = NO;
				CLANG_CXX_LANGUAGE_STANDARD = "gnu++0x";
				CLANG_CXX_LIBRARY = "libc++";
				CLANG_ENABLE_MODULES = YES;
				CLANG_ENABLE_OBJC_ARC = YES;
				CLANG_WARN_BOOL_CONVERSION = YES;
				CLANG_WARN_CONSTANT_CONVERSION = YES;
				CLANG_WARN_DIRECT_OBJC_ISA_USAGE = YES_ERROR;
				CLANG_WARN_EMPTY_BODY = YES;
				CLANG_WARN_ENUM_CONVERSION = YES;
				CLANG_WARN_INT_CONVERSION = YES;
				CLANG_WARN_OBJC_ROOT_CLASS = YES_ERROR;
				CLANG_WARN_UNREACHABLE_CODE = YES;
				CLANG_WARN__DUPLICATE_METHOD_MATCH = YES;
				CODE_SIGN_IDENTITY = "-";
				COPY_PHASE_STRIP = NO;
				DEBUG_INFORMATION_FORMAT = "dwarf-with-dsym";
				ENABLE_NS_ASSERTIONS = NO;
				ENABLE_STRICT_OBJC_MSGSEND = YES;
				GCC_C_LANGUAGE_STANDARD = gnu99;
				GCC_NO_COMMON_BLOCKS = YES;
				GCC_WARN_64_TO_32_BIT_CONVERSION = YES;
				GCC_WARN_ABOUT_RETURN_TYPE = YES_ERROR;
				GCC_WARN_UNDECLARED_SELECTOR = YES;
				GCC_WARN_UNINITIALIZED_AUTOS = YES_AGGRESSIVE;
				GCC_WARN_UNUSED_FUNCTION = YES;
				GCC_WARN_UNUSED_VARIABLE = YES;
				MACOSX_DEPLOYMENT_TARGET = 10.10;
				MTL_ENABLE_DEBUG_INFO = NO;
				SDKROOT = macosx;
			};
			name = Release;
		};
		BFF17F9D1E467E4000F7E139 /* Debug */ = {
			isa = XCBuildConfiguration;
			buildSettings = {
				PRODUCT_NAME = "$(TARGET_NAME)";
			};
			name = Debug;
		};
		BFF17F9E1E467E4000F7E139 /* Release */ = {
			isa = XCBuildConfiguration;
			buildSettings = {
				PRODUCT_NAME = "$(TARGET_NAME)";
			};
			name = Release;
		};
/* End XCBuildConfiguration section */

/* Begin XCConfigurationList section */
		BF913D9F1E4689FC0072DB5F /* Build configuration list for PBXNativeTarget "cf764a" */ = {
			isa = XCConfigurationList;
			buildConfigurations = (
				BF913D9D1E4689FC0072DB5F /* Debug */,
				BF913D9E1E4689FC0072DB5F /* Release */,
			);
			defaultConfigurationIsVisible = 0;
		};
		BFAC99C51E467D22003D066C /* Build configuration list for PBXProject "practice" */ = {
			isa = XCConfigurationList;
			buildConfigurations = (
				BFAC99CF1E467D22003D066C /* Debug */,
				BFAC99D01E467D22003D066C /* Release */,
			);
			defaultConfigurationIsVisible = 0;
			defaultConfigurationName = Release;
		};
		BFF17F9C1E467E4000F7E139 /* Build configuration list for PBXNativeTarget "heap" */ = {
			isa = XCConfigurationList;
			buildConfigurations = (
				BFF17F9D1E467E4000F7E139 /* Debug */,
				BFF17F9E1E467E4000F7E139 /* Release */,
			);
			defaultConfigurationIsVisible = 0;
			defaultConfigurationName = Release;
		};
/* End XCConfigurationList section */
	};
	rootObject = BFAC99C21E467D22003D066C /* Project object */;
}
