// !$*UTF8*$!
{
	archiveVersion = 1;
	classes = {
	};
	objectVersion = 46;
	objects = {

/* Begin PBXBuildFile section */
		BF23236E1E4F47E300365E46 /* derangement.cc in Sources */ = {isa = PBXBuildFile; fileRef = BF2323621E4F466200365E46 /* derangement.cc */; };
		BFA69CFD1E50DD9000166975 /* knapsack_test.cc in Sources */ = {isa = PBXBuildFile; fileRef = BFA69CEE1E50BFA700166975 /* knapsack_test.cc */; };
		BFA69CFE1E50DD9700166975 /* knapsack.cc in Sources */ = {isa = PBXBuildFile; fileRef = BFA69CEF1E50BFA700166975 /* knapsack.cc */; };
		BFA69CFF1E50DDCB00166975 /* libgtest.a in Frameworks */ = {isa = PBXBuildFile; fileRef = BFA69CEA1E50BF3500166975 /* libgtest.a */; };
		BFA69D011E50EB1800166975 /* libgtest_main.a in Frameworks */ = {isa = PBXBuildFile; fileRef = BFA69CEC1E50BF3500166975 /* libgtest_main.a */; };
/* End PBXBuildFile section */

/* Begin PBXContainerItemProxy section */
		BFA69CE71E50BF3500166975 /* PBXContainerItemProxy */ = {
			isa = PBXContainerItemProxy;
			containerPortal = BFA69CE01E50BF3400166975 /* mygtest.xcodeproj */;
			proxyType = 2;
			remoteGlobalIDString = 4539C8FF0EC27F6400A70F4C;
			remoteInfo = "gtest-framework";
		};
		BFA69CE91E50BF3500166975 /* PBXContainerItemProxy */ = {
			isa = PBXContainerItemProxy;
			containerPortal = BFA69CE01E50BF3400166975 /* mygtest.xcodeproj */;
			proxyType = 2;
			remoteGlobalIDString = 40C848FA101A209C0083642A;
			remoteInfo = "gtest-static";
		};
		BFA69CEB1E50BF3500166975 /* PBXContainerItemProxy */ = {
			isa = PBXContainerItemProxy;
			containerPortal = BFA69CE01E50BF3400166975 /* mygtest.xcodeproj */;
			proxyType = 2;
			remoteGlobalIDString = 40C8490B101A217E0083642A;
			remoteInfo = "gtest_main-static";
		};
/* End PBXContainerItemProxy section */

/* Begin PBXCopyFilesBuildPhase section */
		BF2323651E4F47DB00365E46 /* CopyFiles */ = {
			isa = PBXCopyFilesBuildPhase;
			buildActionMask = 2147483647;
			dstPath = /usr/share/man/man1/;
			dstSubfolderSpec = 0;
			files = (
			);
			runOnlyForDeploymentPostprocessing = 1;
		};
		BFA69CF41E50DD8600166975 /* CopyFiles */ = {
			isa = PBXCopyFilesBuildPhase;
			buildActionMask = 2147483647;
			dstPath = /usr/share/man/man1/;
			dstSubfolderSpec = 0;
			files = (
			);
			runOnlyForDeploymentPostprocessing = 1;
		};
/* End PBXCopyFilesBuildPhase section */

/* Begin PBXFileReference section */
		BF2323621E4F466200365E46 /* derangement.cc */ = {isa = PBXFileReference; lastKnownFileType = sourcecode.cpp.cpp; path = derangement.cc; sourceTree = "<group>"; };
		BF2323671E4F47DB00365E46 /* derangement */ = {isa = PBXFileReference; explicitFileType = "compiled.mach-o.executable"; includeInIndex = 0; path = derangement; sourceTree = BUILT_PRODUCTS_DIR; };
		BFA69CE01E50BF3400166975 /* mygtest.xcodeproj */ = {isa = PBXFileReference; lastKnownFileType = "wrapper.pb-project"; path = mygtest.xcodeproj; sourceTree = "<group>"; };
		BFA69CED1E50BFA700166975 /* knapsack.hh */ = {isa = PBXFileReference; fileEncoding = 4; lastKnownFileType = sourcecode.cpp.h; path = knapsack.hh; sourceTree = "<group>"; };
		BFA69CEE1E50BFA700166975 /* knapsack_test.cc */ = {isa = PBXFileReference; fileEncoding = 4; lastKnownFileType = sourcecode.cpp.cpp; path = knapsack_test.cc; sourceTree = "<group>"; };
		BFA69CEF1E50BFA700166975 /* knapsack.cc */ = {isa = PBXFileReference; fileEncoding = 4; lastKnownFileType = sourcecode.cpp.cpp; path = knapsack.cc; sourceTree = "<group>"; };
		BFA69CF61E50DD8600166975 /* knapsack_test */ = {isa = PBXFileReference; explicitFileType = "compiled.mach-o.executable"; includeInIndex = 0; path = knapsack_test; sourceTree = BUILT_PRODUCTS_DIR; };
/* End PBXFileReference section */

/* Begin PBXFrameworksBuildPhase section */
		BF2323641E4F47DB00365E46 /* Frameworks */ = {
			isa = PBXFrameworksBuildPhase;
			buildActionMask = 2147483647;
			files = (
			);
			runOnlyForDeploymentPostprocessing = 0;
		};
		BFA69CF31E50DD8600166975 /* Frameworks */ = {
			isa = PBXFrameworksBuildPhase;
			buildActionMask = 2147483647;
			files = (
				BFA69CFF1E50DDCB00166975 /* libgtest.a in Frameworks */,
				BFA69D011E50EB1800166975 /* libgtest_main.a in Frameworks */,
			);
			runOnlyForDeploymentPostprocessing = 0;
		};
/* End PBXFrameworksBuildPhase section */

/* Begin PBXGroup section */
		BFA69CE11E50BF3400166975 /* Products */ = {
			isa = PBXGroup;
			children = (
				BFA69CE81E50BF3500166975 /* gtest.framework */,
				BFA69CEA1E50BF3500166975 /* libgtest.a */,
				BFA69CEC1E50BF3500166975 /* libgtest_main.a */,
			);
			name = Products;
			sourceTree = "<group>";
		};
		BFCD1B841E4F455F006510AC = {
			isa = PBXGroup;
			children = (
				BFA69CE01E50BF3400166975 /* mygtest.xcodeproj */,
				BFCD1B8F1E4F455F006510AC /* draft */,
				BFCD1B8E1E4F455F006510AC /* Products */,
			);
			sourceTree = "<group>";
		};
		BFCD1B8E1E4F455F006510AC /* Products */ = {
			isa = PBXGroup;
			children = (
				BF2323671E4F47DB00365E46 /* derangement */,
				BFA69CF61E50DD8600166975 /* knapsack_test */,
			);
			name = Products;
			sourceTree = "<group>";
		};
		BFCD1B8F1E4F455F006510AC /* draft */ = {
			isa = PBXGroup;
			children = (
				BFA69CED1E50BFA700166975 /* knapsack.hh */,
				BFA69CEE1E50BFA700166975 /* knapsack_test.cc */,
				BFA69CEF1E50BFA700166975 /* knapsack.cc */,
				BF2323621E4F466200365E46 /* derangement.cc */,
			);
			path = draft;
			sourceTree = "<group>";
		};
/* End PBXGroup section */

/* Begin PBXNativeTarget section */
		BF2323661E4F47DB00365E46 /* derangement */ = {
			isa = PBXNativeTarget;
			buildConfigurationList = BF23236B1E4F47DB00365E46 /* Build configuration list for PBXNativeTarget "derangement" */;
			buildPhases = (
				BF2323631E4F47DB00365E46 /* Sources */,
				BF2323641E4F47DB00365E46 /* Frameworks */,
				BF2323651E4F47DB00365E46 /* CopyFiles */,
			);
			buildRules = (
			);
			dependencies = (
			);
			name = derangement;
			productName = derangement;
			productReference = BF2323671E4F47DB00365E46 /* derangement */;
			productType = "com.apple.product-type.tool";
		};
		BFA69CF51E50DD8600166975 /* knapsack_test */ = {
			isa = PBXNativeTarget;
			buildConfigurationList = BFA69CFA1E50DD8600166975 /* Build configuration list for PBXNativeTarget "knapsack_test" */;
			buildPhases = (
				BFA69CF21E50DD8600166975 /* Sources */,
				BFA69CF31E50DD8600166975 /* Frameworks */,
				BFA69CF41E50DD8600166975 /* CopyFiles */,
			);
			buildRules = (
			);
			dependencies = (
			);
			name = knapsack_test;
			productName = knapsack_test;
			productReference = BFA69CF61E50DD8600166975 /* knapsack_test */;
			productType = "com.apple.product-type.tool";
		};
/* End PBXNativeTarget section */

/* Begin PBXProject section */
		BFCD1B851E4F455F006510AC /* Project object */ = {
			isa = PBXProject;
			attributes = {
				LastUpgradeCheck = 0720;
				ORGANIZATIONNAME = "Denis Kokarev";
				TargetAttributes = {
					BF2323661E4F47DB00365E46 = {
						CreatedOnToolsVersion = 7.2.1;
					};
					BFA69CF51E50DD8600166975 = {
						CreatedOnToolsVersion = 7.2.1;
					};
				};
			};
			buildConfigurationList = BFCD1B881E4F455F006510AC /* Build configuration list for PBXProject "draft" */;
			compatibilityVersion = "Xcode 3.2";
			developmentRegion = English;
			hasScannedForEncodings = 0;
			knownRegions = (
				en,
			);
			mainGroup = BFCD1B841E4F455F006510AC;
			productRefGroup = BFCD1B8E1E4F455F006510AC /* Products */;
			projectDirPath = "";
			projectReferences = (
				{
					ProductGroup = BFA69CE11E50BF3400166975 /* Products */;
					ProjectRef = BFA69CE01E50BF3400166975 /* mygtest.xcodeproj */;
				},
			);
			projectRoot = "";
			targets = (
				BF2323661E4F47DB00365E46 /* derangement */,
				BFA69CF51E50DD8600166975 /* knapsack_test */,
			);
		};
/* End PBXProject section */

/* Begin PBXReferenceProxy section */
		BFA69CE81E50BF3500166975 /* gtest.framework */ = {
			isa = PBXReferenceProxy;
			fileType = wrapper.framework;
			path = gtest.framework;
			remoteRef = BFA69CE71E50BF3500166975 /* PBXContainerItemProxy */;
			sourceTree = BUILT_PRODUCTS_DIR;
		};
		BFA69CEA1E50BF3500166975 /* libgtest.a */ = {
			isa = PBXReferenceProxy;
			fileType = archive.ar;
			path = libgtest.a;
			remoteRef = BFA69CE91E50BF3500166975 /* PBXContainerItemProxy */;
			sourceTree = BUILT_PRODUCTS_DIR;
		};
		BFA69CEC1E50BF3500166975 /* libgtest_main.a */ = {
			isa = PBXReferenceProxy;
			fileType = archive.ar;
			path = libgtest_main.a;
			remoteRef = BFA69CEB1E50BF3500166975 /* PBXContainerItemProxy */;
			sourceTree = BUILT_PRODUCTS_DIR;
		};
/* End PBXReferenceProxy section */

/* Begin PBXSourcesBuildPhase section */
		BF2323631E4F47DB00365E46 /* Sources */ = {
			isa = PBXSourcesBuildPhase;
			buildActionMask = 2147483647;
			files = (
				BF23236E1E4F47E300365E46 /* derangement.cc in Sources */,
			);
			runOnlyForDeploymentPostprocessing = 0;
		};
		BFA69CF21E50DD8600166975 /* Sources */ = {
			isa = PBXSourcesBuildPhase;
			buildActionMask = 2147483647;
			files = (
				BFA69CFE1E50DD9700166975 /* knapsack.cc in Sources */,
				BFA69CFD1E50DD9000166975 /* knapsack_test.cc in Sources */,
			);
			runOnlyForDeploymentPostprocessing = 0;
		};
/* End PBXSourcesBuildPhase section */

/* Begin XCBuildConfiguration section */
		BF23236C1E4F47DB00365E46 /* Debug */ = {
			isa = XCBuildConfiguration;
			buildSettings = {
				PRODUCT_NAME = "$(TARGET_NAME)";
			};
			name = Debug;
		};
		BF23236D1E4F47DB00365E46 /* Release */ = {
			isa = XCBuildConfiguration;
			buildSettings = {
				PRODUCT_NAME = "$(TARGET_NAME)";
			};
			name = Release;
		};
		BFA69CFB1E50DD8600166975 /* Debug */ = {
			isa = XCBuildConfiguration;
			buildSettings = {
				PRODUCT_NAME = "$(TARGET_NAME)";
			};
			name = Debug;
		};
		BFA69CFC1E50DD8600166975 /* Release */ = {
			isa = XCBuildConfiguration;
			buildSettings = {
				PRODUCT_NAME = "$(TARGET_NAME)";
			};
			name = Release;
		};
		BFCD1B921E4F455F006510AC /* Debug */ = {
			isa = XCBuildConfiguration;
			buildSettings = {
				ALWAYS_SEARCH_USER_PATHS = NO;
				CLANG_CXX_LANGUAGE_STANDARD = "gnu++0x";
				CLANG_CXX_LIBRARY = "libc++";
				CLANG_ENABLE_MODULES = YES;
				CLANG_ENABLE_OBJC_ARC = YES;
				CLANG_WARN_BOOL_CONVERSION = YES;
				CLANG_WARN_CONSTANT_CONVERSION = YES;
				CLANG_WARN_DIRECT_OBJC_ISA_USAGE = YES_ERROR;
				CLANG_WARN_EMPTY_BODY = YES;
				CLANG_WARN_ENUM_CONVERSION = YES;
				CLANG_WARN_INT_CONVERSION = YES;
				CLANG_WARN_OBJC_ROOT_CLASS = YES_ERROR;
				CLANG_WARN_UNREACHABLE_CODE = YES;
				CLANG_WARN__DUPLICATE_METHOD_MATCH = YES;
				CODE_SIGN_IDENTITY = "-";
				COPY_PHASE_STRIP = NO;
				DEBUG_INFORMATION_FORMAT = dwarf;
				ENABLE_STRICT_OBJC_MSGSEND = YES;
				ENABLE_TESTABILITY = YES;
				GCC_C_LANGUAGE_STANDARD = gnu99;
				GCC_DYNAMIC_NO_PIC = NO;
				GCC_NO_COMMON_BLOCKS = YES;
				GCC_OPTIMIZATION_LEVEL = 0;
				GCC_PREPROCESSOR_DEFINITIONS = (
					"DEBUG=1",
					"$(inherited)",
				);
				GCC_WARN_64_TO_32_BIT_CONVERSION = YES;
				GCC_WARN_ABOUT_RETURN_TYPE = YES_ERROR;
				GCC_WARN_UNDECLARED_SELECTOR = YES;
				GCC_WARN_UNINITIALIZED_AUTOS = YES_AGGRESSIVE;
				GCC_WARN_UNUSED_FUNCTION = YES;
				GCC_WARN_UNUSED_VARIABLE = YES;
				HEADER_SEARCH_PATHS = $SRCROOT/googletest/googletest/include;
				MACOSX_DEPLOYMENT_TARGET = 10.10;
				MTL_ENABLE_DEBUG_INFO = YES;
				ONLY_ACTIVE_ARCH = YES;
				SDKROOT = macosx;
			};
			name = Debug;
		};
		BFCD1B931E4F455F006510AC /* Release */ = {
			isa = XCBuildConfiguration;
			buildSettings = {
				ALWAYS_SEARCH_USER_PATHS = NO;
				CLANG_CXX_LANGUAGE_STANDARD = "gnu++0x";
				CLANG_CXX_LIBRARY = "libc++";
				CLANG_ENABLE_MODULES = YES;
				CLANG_ENABLE_OBJC_ARC = YES;
				CLANG_WARN_BOOL_CONVERSION = YES;
				CLANG_WARN_CONSTANT_CONVERSION = YES;
				CLANG_WARN_DIRECT_OBJC_ISA_USAGE = YES_ERROR;
				CLANG_WARN_EMPTY_BODY = YES;
				CLANG_WARN_ENUM_CONVERSION = YES;
				CLANG_WARN_INT_CONVERSION = YES;
				CLANG_WARN_OBJC_ROOT_CLASS = YES_ERROR;
				CLANG_WARN_UNREACHABLE_CODE = YES;
				CLANG_WARN__DUPLICATE_METHOD_MATCH = YES;
				CODE_SIGN_IDENTITY = "-";
				COPY_PHASE_STRIP = NO;
				DEBUG_INFORMATION_FORMAT = "dwarf-with-dsym";
				ENABLE_NS_ASSERTIONS = NO;
				ENABLE_STRICT_OBJC_MSGSEND = YES;
				GCC_C_LANGUAGE_STANDARD = gnu99;
				GCC_NO_COMMON_BLOCKS = YES;
				GCC_WARN_64_TO_32_BIT_CONVERSION = YES;
				GCC_WARN_ABOUT_RETURN_TYPE = YES_ERROR;
				GCC_WARN_UNDECLARED_SELECTOR = YES;
				GCC_WARN_UNINITIALIZED_AUTOS = YES_AGGRESSIVE;
				GCC_WARN_UNUSED_FUNCTION = YES;
				GCC_WARN_UNUSED_VARIABLE = YES;
				HEADER_SEARCH_PATHS = $SRCROOT/googletest/googletest/include;
				MACOSX_DEPLOYMENT_TARGET = 10.10;
				MTL_ENABLE_DEBUG_INFO = NO;
				SDKROOT = macosx;
			};
			name = Release;
		};
/* End XCBuildConfiguration section */

/* Begin XCConfigurationList section */
		BF23236B1E4F47DB00365E46 /* Build configuration list for PBXNativeTarget "derangement" */ = {
			isa = XCConfigurationList;
			buildConfigurations = (
				BF23236C1E4F47DB00365E46 /* Debug */,
				BF23236D1E4F47DB00365E46 /* Release */,
			);
			defaultConfigurationIsVisible = 0;
			defaultConfigurationName = Release;
		};
		BFA69CFA1E50DD8600166975 /* Build configuration list for PBXNativeTarget "knapsack_test" */ = {
			isa = XCConfigurationList;
			buildConfigurations = (
				BFA69CFB1E50DD8600166975 /* Debug */,
				BFA69CFC1E50DD8600166975 /* Release */,
			);
			defaultConfigurationIsVisible = 0;
			defaultConfigurationName = Release;
		};
		BFCD1B881E4F455F006510AC /* Build configuration list for PBXProject "draft" */ = {
			isa = XCConfigurationList;
			buildConfigurations = (
				BFCD1B921E4F455F006510AC /* Debug */,
				BFCD1B931E4F455F006510AC /* Release */,
			);
			defaultConfigurationIsVisible = 0;
			defaultConfigurationName = Release;
		};
/* End XCConfigurationList section */
	};
	rootObject = BFCD1B851E4F455F006510AC /* Project object */;
}
